// !$*UTF8*$!
{
	archiveVersion = 1;
	classes = {
	};
	objectVersion = 50;
	objects = {

/* Begin PBXBuildFile section */
		ABA286D705D83CB1A396F269 /* Pods_messanger.framework in Frameworks */ = {isa = PBXBuildFile; fileRef = 25A030BC5D46D6FAD2FF0829 /* Pods_messanger.framework */; };
		BC8B6C1521B6AFC5006EC12D /* AppDelegate.swift in Sources */ = {isa = PBXBuildFile; fileRef = BC8B6C1421B6AFC5006EC12D /* AppDelegate.swift */; };
		BC8B6C1721B6AFC5006EC12D /* ViewController.swift in Sources */ = {isa = PBXBuildFile; fileRef = BC8B6C1621B6AFC5006EC12D /* ViewController.swift */; };
		BC8B6C1A21B6AFC5006EC12D /* Main.storyboard in Resources */ = {isa = PBXBuildFile; fileRef = BC8B6C1821B6AFC5006EC12D /* Main.storyboard */; };
		BC8B6C1C21B6AFC7006EC12D /* Assets.xcassets in Resources */ = {isa = PBXBuildFile; fileRef = BC8B6C1B21B6AFC7006EC12D /* Assets.xcassets */; };
		BC8B6C1F21B6AFC7006EC12D /* LaunchScreen.storyboard in Resources */ = {isa = PBXBuildFile; fileRef = BC8B6C1D21B6AFC7006EC12D /* LaunchScreen.storyboard */; };
/* End PBXBuildFile section */

/* Begin PBXFileReference section */
		25A030BC5D46D6FAD2FF0829 /* Pods_messanger.framework */ = {isa = PBXFileReference; explicitFileType = wrapper.framework; includeInIndex = 0; path = Pods_messanger.framework; sourceTree = BUILT_PRODUCTS_DIR; };
		5418EC5D55E79B81CCF1AC05 /* Pods-messanger.release.xcconfig */ = {isa = PBXFileReference; includeInIndex = 1; lastKnownFileType = text.xcconfig; name = "Pods-messanger.release.xcconfig"; path = "Pods/Target Support Files/Pods-messanger/Pods-messanger.release.xcconfig"; sourceTree = "<group>"; };
		BC8B6C1121B6AFC5006EC12D /* messanger.app */ = {isa = PBXFileReference; explicitFileType = wrapper.application; includeInIndex = 0; path = messanger.app; sourceTree = BUILT_PRODUCTS_DIR; };
		BC8B6C1421B6AFC5006EC12D /* AppDelegate.swift */ = {isa = PBXFileReference; lastKnownFileType = sourcecode.swift; path = AppDelegate.swift; sourceTree = "<group>"; };
		BC8B6C1621B6AFC5006EC12D /* ViewController.swift */ = {isa = PBXFileReference; lastKnownFileType = sourcecode.swift; path = ViewController.swift; sourceTree = "<group>"; };
		BC8B6C1921B6AFC5006EC12D /* Base */ = {isa = PBXFileReference; lastKnownFileType = file.storyboard; name = Base; path = Base.lproj/Main.storyboard; sourceTree = "<group>"; };
		BC8B6C1B21B6AFC7006EC12D /* Assets.xcassets */ = {isa = PBXFileReference; lastKnownFileType = folder.assetcatalog; path = Assets.xcassets; sourceTree = "<group>"; };
		BC8B6C1E21B6AFC7006EC12D /* Base */ = {isa = PBXFileReference; lastKnownFileType = file.storyboard; name = Base; path = Base.lproj/LaunchScreen.storyboard; sourceTree = "<group>"; };
		BC8B6C2021B6AFC7006EC12D /* Info.plist */ = {isa = PBXFileReference; lastKnownFileType = text.plist.xml; path = Info.plist; sourceTree = "<group>"; };
		F7807E889FD0FEA2AC15DF7E /* Pods-messanger.debug.xcconfig */ = {isa = PBXFileReference; includeInIndex = 1; lastKnownFileType = text.xcconfig; name = "Pods-messanger.debug.xcconfig"; path = "Pods/Target Support Files/Pods-messanger/Pods-messanger.debug.xcconfig"; sourceTree = "<group>"; };
/* End PBXFileReference section */

/* Begin PBXFrameworksBuildPhase section */
		BC8B6C0E21B6AFC5006EC12D /* Frameworks */ = {
			isa = PBXFrameworksBuildPhase;
			buildActionMask = 2147483647;
			files = (
				ABA286D705D83CB1A396F269 /* Pods_messanger.framework in Frameworks */,
			);
			runOnlyForDeploymentPostprocessing = 0;
		};
/* End PBXFrameworksBuildPhase section */

/* Begin PBXGroup section */
		6E48832624DD63DA8588D235 /* Pods */ = {
			isa = PBXGroup;
			children = (
				F7807E889FD0FEA2AC15DF7E /* Pods-messanger.debug.xcconfig */,
				5418EC5D55E79B81CCF1AC05 /* Pods-messanger.release.xcconfig */,
			);
			name = Pods;
			sourceTree = "<group>";
		};
		88E8DCC74E1153AFFEF7BA0D /* Frameworks */ = {
			isa = PBXGroup;
			children = (
				25A030BC5D46D6FAD2FF0829 /* Pods_messanger.framework */,
			);
			name = Frameworks;
			sourceTree = "<group>";
		};
		BC8B6C0821B6AFC5006EC12D = {
			isa = PBXGroup;
			children = (
				BC8B6C1321B6AFC5006EC12D /* messanger */,
				BC8B6C1221B6AFC5006EC12D /* Products */,
				6E48832624DD63DA8588D235 /* Pods */,
				88E8DCC74E1153AFFEF7BA0D /* Frameworks */,
			);
			sourceTree = "<group>";
		};
		BC8B6C1221B6AFC5006EC12D /* Products */ = {
			isa = PBXGroup;
			children = (
				BC8B6C1121B6AFC5006EC12D /* messanger.app */,
			);
			name = Products;
			sourceTree = "<group>";
		};
		BC8B6C1321B6AFC5006EC12D /* messanger */ = {
			isa = PBXGroup;
			children = (
				BC8B6C1421B6AFC5006EC12D /* AppDelegate.swift */,
				BC8B6C1621B6AFC5006EC12D /* ViewController.swift */,
				BC8B6C1821B6AFC5006EC12D /* Main.storyboard */,
				BC8B6C1B21B6AFC7006EC12D /* Assets.xcassets */,
				BC8B6C1D21B6AFC7006EC12D /* LaunchScreen.storyboard */,
				BC8B6C2021B6AFC7006EC12D /* Info.plist */,
			);
			path = messanger;
			sourceTree = "<group>";
		};
/* End PBXGroup section */

/* Begin PBXNativeTarget section */
		BC8B6C1021B6AFC5006EC12D /* messanger */ = {
			isa = PBXNativeTarget;
			buildConfigurationList = BC8B6C2321B6AFC7006EC12D /* Build configuration list for PBXNativeTarget "messanger" */;
			buildPhases = (
				A74718E722188642F89AA05C /* [CP] Check Pods Manifest.lock */,
				BC8B6C0D21B6AFC5006EC12D /* Sources */,
				BC8B6C0E21B6AFC5006EC12D /* Frameworks */,
				BC8B6C0F21B6AFC5006EC12D /* Resources */,
				877DE2327B694E351FC1FF57 /* [CP] Embed Pods Frameworks */,
			);
			buildRules = (
			);
			dependencies = (
			);
			name = messanger;
			productName = messanger;
			productReference = BC8B6C1121B6AFC5006EC12D /* messanger.app */;
			productType = "com.apple.product-type.application";
		};
/* End PBXNativeTarget section */

/* Begin PBXProject section */
		BC8B6C0921B6AFC5006EC12D /* Project object */ = {
			isa = PBXProject;
			attributes = {
				LastSwiftUpdateCheck = 1010;
				LastUpgradeCheck = 1010;
				ORGANIZATIONNAME = "Иван";
				TargetAttributes = {
					BC8B6C1021B6AFC5006EC12D = {
						CreatedOnToolsVersion = 10.1;
					};
				};
			};
			buildConfigurationList = BC8B6C0C21B6AFC5006EC12D /* Build configuration list for PBXProject "messanger" */;
			compatibilityVersion = "Xcode 9.3";
			developmentRegion = en;
			hasScannedForEncodings = 0;
			knownRegions = (
				en,
				Base,
			);
			mainGroup = BC8B6C0821B6AFC5006EC12D;
			productRefGroup = BC8B6C1221B6AFC5006EC12D /* Products */;
			projectDirPath = "";
			projectRoot = "";
			targets = (
				BC8B6C1021B6AFC5006EC12D /* messanger */,
			);
		};
/* End PBXProject section */

/* Begin PBXResourcesBuildPhase section */
		BC8B6C0F21B6AFC5006EC12D /* Resources */ = {
			isa = PBXResourcesBuildPhase;
			buildActionMask = 2147483647;
			files = (
				BC8B6C1F21B6AFC7006EC12D /* LaunchScreen.storyboard in Resources */,
				BC8B6C1C21B6AFC7006EC12D /* Assets.xcassets in Resources */,
				BC8B6C1A21B6AFC5006EC12D /* Main.storyboard in Resources */,
			);
			runOnlyForDeploymentPostprocessing = 0;
		};
/* End PBXResourcesBuildPhase section */

/* Begin PBXShellScriptBuildPhase section */
		877DE2327B694E351FC1FF57 /* [CP] Embed Pods Frameworks */ = {
			isa = PBXShellScriptBuildPhase;
			buildActionMask = 2147483647;
			files = (
			);
			inputFileListPaths = (
			);
			inputPaths = (
				"${SRCROOT}/Pods/Target Support Files/Pods-messanger/Pods-messanger-frameworks.sh",
				"${BUILT_PRODUCTS_DIR}/Alamofire/Alamofire.framework",
				"${BUILT_PRODUCTS_DIR}/SwiftyJSON/SwiftyJSON.framework",
			);
			name = "[CP] Embed Pods Frameworks";
			outputFileListPaths = (
			);
			outputPaths = (
				"${TARGET_BUILD_DIR}/${FRAMEWORKS_FOLDER_PATH}/Alamofire.framework",
				"${TARGET_BUILD_DIR}/${FRAMEWORKS_FOLDER_PATH}/SwiftyJSON.framework",
			);
			runOnlyForDeploymentPostprocessing = 0;
			shellPath = /bin/sh;
			shellScript = "\"${SRCROOT}/Pods/Target Support Files/Pods-messanger/Pods-messanger-frameworks.sh\"\n";
			showEnvVarsInLog = 0;
		};
		A74718E722188642F89AA05C /* [CP] Check Pods Manifest.lock */ = {
			isa = PBXShellScriptBuildPhase;
			buildActionMask = 2147483647;
			files = (
			);
			inputFileListPaths = (
			);
			inputPaths = (
				"${PODS_PODFILE_DIR_PATH}/Podfile.lock",
				"${PODS_ROOT}/Manifest.lock",
			);
			name = "[CP] Check Pods Manifest.lock";
			outputFileListPaths = (
			);
			outputPaths = (
				"$(DERIVED_FILE_DIR)/Pods-messanger-checkManifestLockResult.txt",
			);
			runOnlyForDeploymentPostprocessing = 0;
			shellPath = /bin/sh;
			shellScript = "diff \"${PODS_PODFILE_DIR_PATH}/Podfile.lock\" \"${PODS_ROOT}/Manifest.lock\" > /dev/null\nif [ $? != 0 ] ; then\n    # print error to STDERR\n    echo \"error: The sandbox is not in sync with the Podfile.lock. Run 'pod install' or update your CocoaPods installation.\" >&2\n    exit 1\nfi\n# This output is used by Xcode 'outputs' to avoid re-running this script phase.\necho \"SUCCESS\" > \"${SCRIPT_OUTPUT_FILE_0}\"\n";
			showEnvVarsInLog = 0;
		};
/* End PBXShellScriptBuildPhase section */

/* Begin PBXSourcesBuildPhase section */
		BC8B6C0D21B6AFC5006EC12D /* Sources */ = {
			isa = PBXSourcesBuildPhase;
			buildActionMask = 2147483647;
			files = (
				BC8B6C1721B6AFC5006EC12D /* ViewController.swift in Sources */,
				BC8B6C1521B6AFC5006EC12D /* AppDelegate.swift in Sources */,
			);
			runOnlyForDeploymentPostprocessing = 0;
		};
/* End PBXSourcesBuildPhase section */

/* Begin PBXVariantGroup section */
		BC8B6C1821B6AFC5006EC12D /* Main.storyboard */ = {
			isa = PBXVariantGroup;
			children = (
				BC8B6C1921B6AFC5006EC12D /* Base */,
			);
			name = Main.storyboard;
			sourceTree = "<group>";
		};
		BC8B6C1D21B6AFC7006EC12D /* LaunchScreen.storyboard */ = {
			isa = PBXVariantGroup;
			children = (
				BC8B6C1E21B6AFC7006EC12D /* Base */,
			);
			name = LaunchScreen.storyboard;
			sourceTree = "<group>";
		};
/* End PBXVariantGroup section */

/* Begin XCBuildConfiguration section */
		BC8B6C2121B6AFC7006EC12D /* Debug */ = {
			isa = XCBuildConfiguration;
			buildSettings = {
				ALWAYS_SEARCH_USER_PATHS = NO;
				CLANG_ANALYZER_NONNULL = YES;
				CLANG_ANALYZER_NUMBER_OBJECT_CONVERSION = YES_AGGRESSIVE;
				CLANG_CXX_LANGUAGE_STANDARD = "gnu++14";
				CLANG_CXX_LIBRARY = "libc++";
				CLANG_ENABLE_MODULES = YES;
				CLANG_ENABLE_OBJC_ARC = YES;
				CLANG_ENABLE_OBJC_WEAK = YES;
				CLANG_WARN_BLOCK_CAPTURE_AUTORELEASING = YES;
				CLANG_WARN_BOOL_CONVERSION = YES;
				CLANG_WARN_COMMA = YES;
				CLANG_WARN_CONSTANT_CONVERSION = YES;
				CLANG_WARN_DEPRECATED_OBJC_IMPLEMENTATIONS = YES;
				CLANG_WARN_DIRECT_OBJC_ISA_USAGE = YES_ERROR;
				CLANG_WARN_DOCUMENTATION_COMMENTS = YES;
				CLANG_WARN_EMPTY_BODY = YES;
				CLANG_WARN_ENUM_CONVERSION = YES;
				CLANG_WARN_INFINITE_RECURSION = YES;
				CLANG_WARN_INT_CONVERSION = YES;
				CLANG_WARN_NON_LITERAL_NULL_CONVERSION = YES;
				CLANG_WARN_OBJC_IMPLICIT_RETAIN_SELF = YES;
				CLANG_WARN_OBJC_LITERAL_CONVERSION = YES;
				CLANG_WARN_OBJC_ROOT_CLASS = YES_ERROR;
				CLANG_WARN_RANGE_LOOP_ANALYSIS = YES;
				CLANG_WARN_STRICT_PROTOTYPES = YES;
				CLANG_WARN_SUSPICIOUS_MOVE = YES;
				CLANG_WARN_UNGUARDED_AVAILABILITY = YES_AGGRESSIVE;
				CLANG_WARN_UNREACHABLE_CODE = YES;
				CLANG_WARN__DUPLICATE_METHOD_MATCH = YES;
				CODE_SIGN_IDENTITY = "iPhone Developer";
				COPY_PHASE_STRIP = NO;
				DEBUG_INFORMATION_FORMAT = dwarf;
				ENABLE_STRICT_OBJC_MSGSEND = YES;
				ENABLE_TESTABILITY = YES;
				GCC_C_LANGUAGE_STANDARD = gnu11;
				GCC_DYNAMIC_NO_PIC = NO;
				GCC_NO_COMMON_BLOCKS = YES;
				GCC_OPTIMIZATION_LEVEL = 0;
				GCC_PREPROCESSOR_DEFINITIONS = (
					"DEBUG=1",
					"$(inherited)",
				);
				GCC_WARN_64_TO_32_BIT_CONVERSION = YES;
				GCC_WARN_ABOUT_RETURN_TYPE = YES_ERROR;
				GCC_WARN_UNDECLARED_SELECTOR = YES;
				GCC_WARN_UNINITIALIZED_AUTOS = YES_AGGRESSIVE;
				GCC_WARN_UNUSED_FUNCTION = YES;
				GCC_WARN_UNUSED_VARIABLE = YES;
				IPHONEOS_DEPLOYMENT_TARGET = 12.1;
				MTL_ENABLE_DEBUG_INFO = INCLUDE_SOURCE;
				MTL_FAST_MATH = YES;
				ONLY_ACTIVE_ARCH = YES;
				SDKROOT = iphoneos;
				SWIFT_ACTIVE_COMPILATION_CONDITIONS = DEBUG;
				SWIFT_OPTIMIZATION_LEVEL = "-Onone";
			};
			name = Debug;
		};
		BC8B6C2221B6AFC7006EC12D /* Release */ = {
			isa = XCBuildConfiguration;
			buildSettings = {
				ALWAYS_SEARCH_USER_PATHS = NO;
				CLANG_ANALYZER_NONNULL = YES;
				CLANG_ANALYZER_NUMBER_OBJECT_CONVERSION = YES_AGGRESSIVE;
				CLANG_CXX_LANGUAGE_STANDARD = "gnu++14";
				CLANG_CXX_LIBRARY = "libc++";
				CLANG_ENABLE_MODULES = YES;
				CLANG_ENABLE_OBJC_ARC = YES;
				CLANG_ENABLE_OBJC_WEAK = YES;
				CLANG_WARN_BLOCK_CAPTURE_AUTORELEASING = YES;
				CLANG_WARN_BOOL_CONVERSION = YES;
				CLANG_WARN_COMMA = YES;
				CLANG_WARN_CONSTANT_CONVERSION = YES;
				CLANG_WARN_DEPRECATED_OBJC_IMPLEMENTATIONS = YES;
				CLANG_WARN_DIRECT_OBJC_ISA_USAGE = YES_ERROR;
				CLANG_WARN_DOCUMENTATION_COMMENTS = YES;
				CLANG_WARN_EMPTY_BODY = YES;
				CLANG_WARN_ENUM_CONVERSION = YES;
				CLANG_WARN_INFINITE_RECURSION = YES;
				CLANG_WARN_INT_CONVERSION = YES;
				CLANG_WARN_NON_LITERAL_NULL_CONVERSION = YES;
				CLANG_WARN_OBJC_IMPLICIT_RETAIN_SELF = YES;
				CLANG_WARN_OBJC_LITERAL_CONVERSION = YES;
				CLANG_WARN_OBJC_ROOT_CLASS = YES_ERROR;
				CLANG_WARN_RANGE_LOOP_ANALYSIS = YES;
				CLANG_WARN_STRICT_PROTOTYPES = YES;
				CLANG_WARN_SUSPICIOUS_MOVE = YES;
				CLANG_WARN_UNGUARDED_AVAILABILITY = YES_AGGRESSIVE;
				CLANG_WARN_UNREACHABLE_CODE = YES;
				CLANG_WARN__DUPLICATE_METHOD_MATCH = YES;
				CODE_SIGN_IDENTITY = "iPhone Developer";
				COPY_PHASE_STRIP = NO;
				DEBUG_INFORMATION_FORMAT = "dwarf-with-dsym";
				ENABLE_NS_ASSERTIONS = NO;
				ENABLE_STRICT_OBJC_MSGSEND = YES;
				GCC_C_LANGUAGE_STANDARD = gnu11;
				GCC_NO_COMMON_BLOCKS = YES;
				GCC_WARN_64_TO_32_BIT_CONVERSION = YES;
				GCC_WARN_ABOUT_RETURN_TYPE = YES_ERROR;
				GCC_WARN_UNDECLARED_SELECTOR = YES;
				GCC_WARN_UNINITIALIZED_AUTOS = YES_AGGRESSIVE;
				GCC_WARN_UNUSED_FUNCTION = YES;
				GCC_WARN_UNUSED_VARIABLE = YES;
				IPHONEOS_DEPLOYMENT_TARGET = 12.1;
				MTL_ENABLE_DEBUG_INFO = NO;
				MTL_FAST_MATH = YES;
				SDKROOT = iphoneos;
				SWIFT_COMPILATION_MODE = wholemodule;
				SWIFT_OPTIMIZATION_LEVEL = "-O";
				VALIDATE_PRODUCT = YES;
			};
			name = Release;
		};
		BC8B6C2421B6AFC7006EC12D /* Debug */ = {
			isa = XCBuildConfiguration;
			baseConfigurationReference = F7807E889FD0FEA2AC15DF7E /* Pods-messanger.debug.xcconfig */;
			buildSettings = {
				ASSETCATALOG_COMPILER_APPICON_NAME = AppIcon;
				CODE_SIGN_STYLE = Automatic;
				INFOPLIST_FILE = messanger/Info.plist;
				LD_RUNPATH_SEARCH_PATHS = (
					"$(inherited)",
					"@executable_path/Frameworks",
				);
				PRODUCT_BUNDLE_IDENTIFIER = Kubsu.messanger;
				PRODUCT_NAME = "$(TARGET_NAME)";
				SWIFT_VERSION = 4.2;
				TARGETED_DEVICE_FAMILY = "1,2";
			};
			name = Debug;
		};
		BC8B6C2521B6AFC7006EC12D /* Release */ = {
			isa = XCBuildConfiguration;
			baseConfigurationReference = 5418EC5D55E79B81CCF1AC05 /* Pods-messanger.release.xcconfig */;
			buildSettings = {
				ASSETCATALOG_COMPILER_APPICON_NAME = AppIcon;
				CODE_SIGN_STYLE = Automatic;
				INFOPLIST_FILE = messanger/Info.plist;
				LD_RUNPATH_SEARCH_PATHS = (
					"$(inherited)",
					"@executable_path/Frameworks",
				);
				PRODUCT_BUNDLE_IDENTIFIER = Kubsu.messanger;
				PRODUCT_NAME = "$(TARGET_NAME)";
				SWIFT_VERSION = 4.2;
				TARGETED_DEVICE_FAMILY = "1,2";
			};
			name = Release;
		};
/* End XCBuildConfiguration section */

/* Begin XCConfigurationList section */
		BC8B6C0C21B6AFC5006EC12D /* Build configuration list for PBXProject "messanger" */ = {
			isa = XCConfigurationList;
			buildConfigurations = (
				BC8B6C2121B6AFC7006EC12D /* Debug */,
				BC8B6C2221B6AFC7006EC12D /* Release */,
			);
			defaultConfigurationIsVisible = 0;
			defaultConfigurationName = Release;
		};
		BC8B6C2321B6AFC7006EC12D /* Build configuration list for PBXNativeTarget "messanger" */ = {
			isa = XCConfigurationList;
			buildConfigurations = (
				BC8B6C2421B6AFC7006EC12D /* Debug */,
				BC8B6C2521B6AFC7006EC12D /* Release */,
			);
			defaultConfigurationIsVisible = 0;
			defaultConfigurationName = Release;
		};
/* End XCConfigurationList section */
	};
	rootObject = BC8B6C0921B6AFC5006EC12D /* Project object */;
}
