// !$*UTF8*$!
{
	archiveVersion = 1;
	classes = {
	};
	objectVersion = 50;
	objects = {

/* Begin PBXBuildFile section */
		BC0A48402465ACEC00ECC19E /* AppDelegate.swift in Sources */ = {isa = PBXBuildFile; fileRef = BC0A483F2465ACEC00ECC19E /* AppDelegate.swift */; };
		BC0A48422465ACEC00ECC19E /* SceneDelegate.swift in Sources */ = {isa = PBXBuildFile; fileRef = BC0A48412465ACEC00ECC19E /* SceneDelegate.swift */; };
		BC0A48442465ACEC00ECC19E /* ViewController.swift in Sources */ = {isa = PBXBuildFile; fileRef = BC0A48432465ACEC00ECC19E /* ViewController.swift */; };
		BC0A48472465ACEC00ECC19E /* Main.storyboard in Resources */ = {isa = PBXBuildFile; fileRef = BC0A48452465ACEC00ECC19E /* Main.storyboard */; };
		BC0A484A2465ACEC00ECC19E /* CoreDataExample2020.xcdatamodeld in Sources */ = {isa = PBXBuildFile; fileRef = BC0A48482465ACEC00ECC19E /* CoreDataExample2020.xcdatamodeld */; };
		BC0A484C2465ACEE00ECC19E /* Assets.xcassets in Resources */ = {isa = PBXBuildFile; fileRef = BC0A484B2465ACEE00ECC19E /* Assets.xcassets */; };
		BC0A484F2465ACEE00ECC19E /* LaunchScreen.storyboard in Resources */ = {isa = PBXBuildFile; fileRef = BC0A484D2465ACEE00ECC19E /* LaunchScreen.storyboard */; };
/* End PBXBuildFile section */

/* Begin PBXFileReference section */
		BC0A483C2465ACEC00ECC19E /* CoreDataExample2020.app */ = {isa = PBXFileReference; explicitFileType = wrapper.application; includeInIndex = 0; path = CoreDataExample2020.app; sourceTree = BUILT_PRODUCTS_DIR; };
		BC0A483F2465ACEC00ECC19E /* AppDelegate.swift */ = {isa = PBXFileReference; lastKnownFileType = sourcecode.swift; path = AppDelegate.swift; sourceTree = "<group>"; };
		BC0A48412465ACEC00ECC19E /* SceneDelegate.swift */ = {isa = PBXFileReference; lastKnownFileType = sourcecode.swift; path = SceneDelegate.swift; sourceTree = "<group>"; };
		BC0A48432465ACEC00ECC19E /* ViewController.swift */ = {isa = PBXFileReference; lastKnownFileType = sourcecode.swift; path = ViewController.swift; sourceTree = "<group>"; };
		BC0A48462465ACEC00ECC19E /* Base */ = {isa = PBXFileReference; lastKnownFileType = file.storyboard; name = Base; path = Base.lproj/Main.storyboard; sourceTree = "<group>"; };
		BC0A48492465ACEC00ECC19E /* CoreDataExample2020.xcdatamodel */ = {isa = PBXFileReference; lastKnownFileType = wrapper.xcdatamodel; path = CoreDataExample2020.xcdatamodel; sourceTree = "<group>"; };
		BC0A484B2465ACEE00ECC19E /* Assets.xcassets */ = {isa = PBXFileReference; lastKnownFileType = folder.assetcatalog; path = Assets.xcassets; sourceTree = "<group>"; };
		BC0A484E2465ACEE00ECC19E /* Base */ = {isa = PBXFileReference; lastKnownFileType = file.storyboard; name = Base; path = Base.lproj/LaunchScreen.storyboard; sourceTree = "<group>"; };
		BC0A48502465ACEE00ECC19E /* Info.plist */ = {isa = PBXFileReference; lastKnownFileType = text.plist.xml; path = Info.plist; sourceTree = "<group>"; };
/* End PBXFileReference section */

/* Begin PBXFrameworksBuildPhase section */
		BC0A48392465ACEC00ECC19E /* Frameworks */ = {
			isa = PBXFrameworksBuildPhase;
			buildActionMask = 2147483647;
			files = (
			);
			runOnlyForDeploymentPostprocessing = 0;
		};
/* End PBXFrameworksBuildPhase section */

/* Begin PBXGroup section */
		BC0A48332465ACEC00ECC19E = {
			isa = PBXGroup;
			children = (
				BC0A483E2465ACEC00ECC19E /* CoreDataExample2020 */,
				BC0A483D2465ACEC00ECC19E /* Products */,
			);
			sourceTree = "<group>";
		};
		BC0A483D2465ACEC00ECC19E /* Products */ = {
			isa = PBXGroup;
			children = (
				BC0A483C2465ACEC00ECC19E /* CoreDataExample2020.app */,
			);
			name = Products;
			sourceTree = "<group>";
		};
		BC0A483E2465ACEC00ECC19E /* CoreDataExample2020 */ = {
			isa = PBXGroup;
			children = (
				BC0A483F2465ACEC00ECC19E /* AppDelegate.swift */,
				BC0A48412465ACEC00ECC19E /* SceneDelegate.swift */,
				BC0A48432465ACEC00ECC19E /* ViewController.swift */,
				BC0A48452465ACEC00ECC19E /* Main.storyboard */,
				BC0A484B2465ACEE00ECC19E /* Assets.xcassets */,
				BC0A484D2465ACEE00ECC19E /* LaunchScreen.storyboard */,
				BC0A48502465ACEE00ECC19E /* Info.plist */,
				BC0A48482465ACEC00ECC19E /* CoreDataExample2020.xcdatamodeld */,
			);
			path = CoreDataExample2020;
			sourceTree = "<group>";
		};
/* End PBXGroup section */

/* Begin PBXNativeTarget section */
		BC0A483B2465ACEC00ECC19E /* CoreDataExample2020 */ = {
			isa = PBXNativeTarget;
			buildConfigurationList = BC0A48532465ACEE00ECC19E /* Build configuration list for PBXNativeTarget "CoreDataExample2020" */;
			buildPhases = (
				BC0A48382465ACEC00ECC19E /* Sources */,
				BC0A48392465ACEC00ECC19E /* Frameworks */,
				BC0A483A2465ACEC00ECC19E /* Resources */,
			);
			buildRules = (
			);
			dependencies = (
			);
			name = CoreDataExample2020;
			productName = CoreDataExample2020;
			productReference = BC0A483C2465ACEC00ECC19E /* CoreDataExample2020.app */;
			productType = "com.apple.product-type.application";
		};
/* End PBXNativeTarget section */

/* Begin PBXProject section */
		BC0A48342465ACEC00ECC19E /* Project object */ = {
			isa = PBXProject;
			attributes = {
				LastSwiftUpdateCheck = 1140;
				LastUpgradeCheck = 1140;
				ORGANIZATIONNAME = "Иван Романов";
				TargetAttributes = {
					BC0A483B2465ACEC00ECC19E = {
						CreatedOnToolsVersion = 11.4.1;
					};
				};
			};
			buildConfigurationList = BC0A48372465ACEC00ECC19E /* Build configuration list for PBXProject "CoreDataExample2020" */;
			compatibilityVersion = "Xcode 9.3";
			developmentRegion = en;
			hasScannedForEncodings = 0;
			knownRegions = (
				en,
				Base,
			);
			mainGroup = BC0A48332465ACEC00ECC19E;
			productRefGroup = BC0A483D2465ACEC00ECC19E /* Products */;
			projectDirPath = "";
			projectRoot = "";
			targets = (
				BC0A483B2465ACEC00ECC19E /* CoreDataExample2020 */,
			);
		};
/* End PBXProject section */

/* Begin PBXResourcesBuildPhase section */
		BC0A483A2465ACEC00ECC19E /* Resources */ = {
			isa = PBXResourcesBuildPhase;
			buildActionMask = 2147483647;
			files = (
				BC0A484F2465ACEE00ECC19E /* LaunchScreen.storyboard in Resources */,
				BC0A484C2465ACEE00ECC19E /* Assets.xcassets in Resources */,
				BC0A48472465ACEC00ECC19E /* Main.storyboard in Resources */,
			);
			runOnlyForDeploymentPostprocessing = 0;
		};
/* End PBXResourcesBuildPhase section */

/* Begin PBXSourcesBuildPhase section */
		BC0A48382465ACEC00ECC19E /* Sources */ = {
			isa = PBXSourcesBuildPhase;
			buildActionMask = 2147483647;
			files = (
				BC0A48442465ACEC00ECC19E /* ViewController.swift in Sources */,
				BC0A48402465ACEC00ECC19E /* AppDelegate.swift in Sources */,
				BC0A484A2465ACEC00ECC19E /* CoreDataExample2020.xcdatamodeld in Sources */,
				BC0A48422465ACEC00ECC19E /* SceneDelegate.swift in Sources */,
			);
			runOnlyForDeploymentPostprocessing = 0;
		};
/* End PBXSourcesBuildPhase section */

/* Begin PBXVariantGroup section */
		BC0A48452465ACEC00ECC19E /* Main.storyboard */ = {
			isa = PBXVariantGroup;
			children = (
				BC0A48462465ACEC00ECC19E /* Base */,
			);
			name = Main.storyboard;
			sourceTree = "<group>";
		};
		BC0A484D2465ACEE00ECC19E /* LaunchScreen.storyboard */ = {
			isa = PBXVariantGroup;
			children = (
				BC0A484E2465ACEE00ECC19E /* Base */,
			);
			name = LaunchScreen.storyboard;
			sourceTree = "<group>";
		};
/* End PBXVariantGroup section */

/* Begin XCBuildConfiguration section */
		BC0A48512465ACEE00ECC19E /* Debug */ = {
			isa = XCBuildConfiguration;
			buildSettings = {
				ALWAYS_SEARCH_USER_PATHS = NO;
				CLANG_ANALYZER_NONNULL = YES;
				CLANG_ANALYZER_NUMBER_OBJECT_CONVERSION = YES_AGGRESSIVE;
				CLANG_CXX_LANGUAGE_STANDARD = "gnu++14";
				CLANG_CXX_LIBRARY = "libc++";
				CLANG_ENABLE_MODULES = YES;
				CLANG_ENABLE_OBJC_ARC = YES;
				CLANG_ENABLE_OBJC_WEAK = YES;
				CLANG_WARN_BLOCK_CAPTURE_AUTORELEASING = YES;
				CLANG_WARN_BOOL_CONVERSION = YES;
				CLANG_WARN_COMMA = YES;
				CLANG_WARN_CONSTANT_CONVERSION = YES;
				CLANG_WARN_DEPRECATED_OBJC_IMPLEMENTATIONS = YES;
				CLANG_WARN_DIRECT_OBJC_ISA_USAGE = YES_ERROR;
				CLANG_WARN_DOCUMENTATION_COMMENTS = YES;
				CLANG_WARN_EMPTY_BODY = YES;
				CLANG_WARN_ENUM_CONVERSION = YES;
				CLANG_WARN_INFINITE_RECURSION = YES;
				CLANG_WARN_INT_CONVERSION = YES;
				CLANG_WARN_NON_LITERAL_NULL_CONVERSION = YES;
				CLANG_WARN_OBJC_IMPLICIT_RETAIN_SELF = YES;
				CLANG_WARN_OBJC_LITERAL_CONVERSION = YES;
				CLANG_WARN_OBJC_ROOT_CLASS = YES_ERROR;
				CLANG_WARN_RANGE_LOOP_ANALYSIS = YES;
				CLANG_WARN_STRICT_PROTOTYPES = YES;
				CLANG_WARN_SUSPICIOUS_MOVE = YES;
				CLANG_WARN_UNGUARDED_AVAILABILITY = YES_AGGRESSIVE;
				CLANG_WARN_UNREACHABLE_CODE = YES;
				CLANG_WARN__DUPLICATE_METHOD_MATCH = YES;
				COPY_PHASE_STRIP = NO;
				DEBUG_INFORMATION_FORMAT = dwarf;
				ENABLE_STRICT_OBJC_MSGSEND = YES;
				ENABLE_TESTABILITY = YES;
				GCC_C_LANGUAGE_STANDARD = gnu11;
				GCC_DYNAMIC_NO_PIC = NO;
				GCC_NO_COMMON_BLOCKS = YES;
				GCC_OPTIMIZATION_LEVEL = 0;
				GCC_PREPROCESSOR_DEFINITIONS = (
					"DEBUG=1",
					"$(inherited)",
				);
				GCC_WARN_64_TO_32_BIT_CONVERSION = YES;
				GCC_WARN_ABOUT_RETURN_TYPE = YES_ERROR;
				GCC_WARN_UNDECLARED_SELECTOR = YES;
				GCC_WARN_UNINITIALIZED_AUTOS = YES_AGGRESSIVE;
				GCC_WARN_UNUSED_FUNCTION = YES;
				GCC_WARN_UNUSED_VARIABLE = YES;
				IPHONEOS_DEPLOYMENT_TARGET = 13.4;
				MTL_ENABLE_DEBUG_INFO = INCLUDE_SOURCE;
				MTL_FAST_MATH = YES;
				ONLY_ACTIVE_ARCH = YES;
				SDKROOT = iphoneos;
				SWIFT_ACTIVE_COMPILATION_CONDITIONS = DEBUG;
				SWIFT_OPTIMIZATION_LEVEL = "-Onone";
			};
			name = Debug;
		};
		BC0A48522465ACEE00ECC19E /* Release */ = {
			isa = XCBuildConfiguration;
			buildSettings = {
				ALWAYS_SEARCH_USER_PATHS = NO;
				CLANG_ANALYZER_NONNULL = YES;
				CLANG_ANALYZER_NUMBER_OBJECT_CONVERSION = YES_AGGRESSIVE;
				CLANG_CXX_LANGUAGE_STANDARD = "gnu++14";
				CLANG_CXX_LIBRARY = "libc++";
				CLANG_ENABLE_MODULES = YES;
				CLANG_ENABLE_OBJC_ARC = YES;
				CLANG_ENABLE_OBJC_WEAK = YES;
				CLANG_WARN_BLOCK_CAPTURE_AUTORELEASING = YES;
				CLANG_WARN_BOOL_CONVERSION = YES;
				CLANG_WARN_COMMA = YES;
				CLANG_WARN_CONSTANT_CONVERSION = YES;
				CLANG_WARN_DEPRECATED_OBJC_IMPLEMENTATIONS = YES;
				CLANG_WARN_DIRECT_OBJC_ISA_USAGE = YES_ERROR;
				CLANG_WARN_DOCUMENTATION_COMMENTS = YES;
				CLANG_WARN_EMPTY_BODY = YES;
				CLANG_WARN_ENUM_CONVERSION = YES;
				CLANG_WARN_INFINITE_RECURSION = YES;
				CLANG_WARN_INT_CONVERSION = YES;
				CLANG_WARN_NON_LITERAL_NULL_CONVERSION = YES;
				CLANG_WARN_OBJC_IMPLICIT_RETAIN_SELF = YES;
				CLANG_WARN_OBJC_LITERAL_CONVERSION = YES;
				CLANG_WARN_OBJC_ROOT_CLASS = YES_ERROR;
				CLANG_WARN_RANGE_LOOP_ANALYSIS = YES;
				CLANG_WARN_STRICT_PROTOTYPES = YES;
				CLANG_WARN_SUSPICIOUS_MOVE = YES;
				CLANG_WARN_UNGUARDED_AVAILABILITY = YES_AGGRESSIVE;
				CLANG_WARN_UNREACHABLE_CODE = YES;
				CLANG_WARN__DUPLICATE_METHOD_MATCH = YES;
				COPY_PHASE_STRIP = NO;
				DEBUG_INFORMATION_FORMAT = "dwarf-with-dsym";
				ENABLE_NS_ASSERTIONS = NO;
				ENABLE_STRICT_OBJC_MSGSEND = YES;
				GCC_C_LANGUAGE_STANDARD = gnu11;
				GCC_NO_COMMON_BLOCKS = YES;
				GCC_WARN_64_TO_32_BIT_CONVERSION = YES;
				GCC_WARN_ABOUT_RETURN_TYPE = YES_ERROR;
				GCC_WARN_UNDECLARED_SELECTOR = YES;
				GCC_WARN_UNINITIALIZED_AUTOS = YES_AGGRESSIVE;
				GCC_WARN_UNUSED_FUNCTION = YES;
				GCC_WARN_UNUSED_VARIABLE = YES;
				IPHONEOS_DEPLOYMENT_TARGET = 13.4;
				MTL_ENABLE_DEBUG_INFO = NO;
				MTL_FAST_MATH = YES;
				SDKROOT = iphoneos;
				SWIFT_COMPILATION_MODE = wholemodule;
				SWIFT_OPTIMIZATION_LEVEL = "-O";
				VALIDATE_PRODUCT = YES;
			};
			name = Release;
		};
		BC0A48542465ACEE00ECC19E /* Debug */ = {
			isa = XCBuildConfiguration;
			buildSettings = {
				ASSETCATALOG_COMPILER_APPICON_NAME = AppIcon;
				CODE_SIGN_STYLE = Automatic;
				DEVELOPMENT_TEAM = SCPX4SG3MN;
				INFOPLIST_FILE = CoreDataExample2020/Info.plist;
				LD_RUNPATH_SEARCH_PATHS = (
					"$(inherited)",
					"@executable_path/Frameworks",
				);
				PRODUCT_BUNDLE_IDENTIFIER = "e-bodah.CoreDataExample2020";
				PRODUCT_NAME = "$(TARGET_NAME)";
				SWIFT_VERSION = 5.0;
				TARGETED_DEVICE_FAMILY = "1,2";
			};
			name = Debug;
		};
		BC0A48552465ACEE00ECC19E /* Release */ = {
			isa = XCBuildConfiguration;
			buildSettings = {
				ASSETCATALOG_COMPILER_APPICON_NAME = AppIcon;
				CODE_SIGN_STYLE = Automatic;
				DEVELOPMENT_TEAM = SCPX4SG3MN;
				INFOPLIST_FILE = CoreDataExample2020/Info.plist;
				LD_RUNPATH_SEARCH_PATHS = (
					"$(inherited)",
					"@executable_path/Frameworks",
				);
				PRODUCT_BUNDLE_IDENTIFIER = "e-bodah.CoreDataExample2020";
				PRODUCT_NAME = "$(TARGET_NAME)";
				SWIFT_VERSION = 5.0;
				TARGETED_DEVICE_FAMILY = "1,2";
			};
			name = Release;
		};
/* End XCBuildConfiguration section */

/* Begin XCConfigurationList section */
		BC0A48372465ACEC00ECC19E /* Build configuration list for PBXProject "CoreDataExample2020" */ = {
			isa = XCConfigurationList;
			buildConfigurations = (
				BC0A48512465ACEE00ECC19E /* Debug */,
				BC0A48522465ACEE00ECC19E /* Release */,
			);
			defaultConfigurationIsVisible = 0;
			defaultConfigurationName = Release;
		};
		BC0A48532465ACEE00ECC19E /* Build configuration list for PBXNativeTarget "CoreDataExample2020" */ = {
			isa = XCConfigurationList;
			buildConfigurations = (
				BC0A48542465ACEE00ECC19E /* Debug */,
				BC0A48552465ACEE00ECC19E /* Release */,
			);
			defaultConfigurationIsVisible = 0;
			defaultConfigurationName = Release;
		};
/* End XCConfigurationList section */

/* Begin XCVersionGroup section */
		BC0A48482465ACEC00ECC19E /* CoreDataExample2020.xcdatamodeld */ = {
			isa = XCVersionGroup;
			children = (
				BC0A48492465ACEC00ECC19E /* CoreDataExample2020.xcdatamodel */,
			);
			currentVersion = BC0A48492465ACEC00ECC19E /* CoreDataExample2020.xcdatamodel */;
			path = CoreDataExample2020.xcdatamodeld;
			sourceTree = "<group>";
			versionGroupType = wrapper.xcdatamodel;
		};
/* End XCVersionGroup section */
	};
	rootObject = BC0A48342465ACEC00ECC19E /* Project object */;
}
