// !$*UTF8*$!
{
	archiveVersion = 1;
	classes = {
	};
	objectVersion = 50;
	objects = {

/* Begin PBXBuildFile section */
		BC54BEC622EE363A00FEF7C9 /* Article+CoreDataClass.swift in Sources */ = {isa = PBXBuildFile; fileRef = BC54BEC422EE363A00FEF7C9 /* Article+CoreDataClass.swift */; };
		BC54BEC722EE363A00FEF7C9 /* Article+CoreDataProperties.swift in Sources */ = {isa = PBXBuildFile; fileRef = BC54BEC522EE363A00FEF7C9 /* Article+CoreDataProperties.swift */; };
		BC6D8D4F22EA2981007D54E6 /* NavigationBarUI.swift in Sources */ = {isa = PBXBuildFile; fileRef = BC6D8D4E22EA2981007D54E6 /* NavigationBarUI.swift */; };
		BC6D8D5122EA3225007D54E6 /* SearchBarImplementation.swift in Sources */ = {isa = PBXBuildFile; fileRef = BC6D8D5022EA3225007D54E6 /* SearchBarImplementation.swift */; };
		BCB22E2F22E8CF6400991D2A /* AppDelegate.swift in Sources */ = {isa = PBXBuildFile; fileRef = BCB22E2E22E8CF6400991D2A /* AppDelegate.swift */; };
		BCB22E3422E8CF6400991D2A /* Main.storyboard in Resources */ = {isa = PBXBuildFile; fileRef = BCB22E3222E8CF6400991D2A /* Main.storyboard */; };
		BCB22E3622E8CF6600991D2A /* Assets.xcassets in Resources */ = {isa = PBXBuildFile; fileRef = BCB22E3522E8CF6600991D2A /* Assets.xcassets */; };
		BCB22E3922E8CF6600991D2A /* LaunchScreen.storyboard in Resources */ = {isa = PBXBuildFile; fileRef = BCB22E3722E8CF6600991D2A /* LaunchScreen.storyboard */; };
		BCB22E4122E8CFE800991D2A /* ArticleClass.swift in Sources */ = {isa = PBXBuildFile; fileRef = BCB22E4022E8CFE800991D2A /* ArticleClass.swift */; };
		BCB22E4322E8D46E00991D2A /* FetchingArticles.swift in Sources */ = {isa = PBXBuildFile; fileRef = BCB22E4222E8D46E00991D2A /* FetchingArticles.swift */; };
		BCB22E4522E8D4B100991D2A /* MainViewController.swift in Sources */ = {isa = PBXBuildFile; fileRef = BCB22E4422E8D4B100991D2A /* MainViewController.swift */; };
		BCB22E4722E8DDAF00991D2A /* URLStructExtension.swift in Sources */ = {isa = PBXBuildFile; fileRef = BCB22E4622E8DDAF00991D2A /* URLStructExtension.swift */; };
		BCB22E4922E8DE5700991D2A /* QueryParameters.swift in Sources */ = {isa = PBXBuildFile; fileRef = BCB22E4822E8DE5700991D2A /* QueryParameters.swift */; };
		BCB22E4B22E903C200991D2A /* ImageDownloadingExtension.swift in Sources */ = {isa = PBXBuildFile; fileRef = BCB22E4A22E903C200991D2A /* ImageDownloadingExtension.swift */; };
		BCB22E4E22E9063000991D2A /* articlesDataModule.xcdatamodeld in Sources */ = {isa = PBXBuildFile; fileRef = BCB22E4C22E9063000991D2A /* articlesDataModule.xcdatamodeld */; };
		BCB22E5022E971CE00991D2A /* TableViewImplementation.swift in Sources */ = {isa = PBXBuildFile; fileRef = BCB22E4F22E971CE00991D2A /* TableViewImplementation.swift */; };
		BCB22E5222E9723B00991D2A /* TableViewUI.swift in Sources */ = {isa = PBXBuildFile; fileRef = BCB22E5122E9723B00991D2A /* TableViewUI.swift */; };
		BCB22E5422E978AA00991D2A /* ArticleCell.swift in Sources */ = {isa = PBXBuildFile; fileRef = BCB22E5322E978AA00991D2A /* ArticleCell.swift */; };
/* End PBXBuildFile section */

/* Begin PBXFileReference section */
		BC54BEC422EE363A00FEF7C9 /* Article+CoreDataClass.swift */ = {isa = PBXFileReference; lastKnownFileType = sourcecode.swift; path = "Article+CoreDataClass.swift"; sourceTree = "<group>"; };
		BC54BEC522EE363A00FEF7C9 /* Article+CoreDataProperties.swift */ = {isa = PBXFileReference; lastKnownFileType = sourcecode.swift; path = "Article+CoreDataProperties.swift"; sourceTree = "<group>"; };
		BC6D8D4E22EA2981007D54E6 /* NavigationBarUI.swift */ = {isa = PBXFileReference; lastKnownFileType = sourcecode.swift; path = NavigationBarUI.swift; sourceTree = "<group>"; };
		BC6D8D5022EA3225007D54E6 /* SearchBarImplementation.swift */ = {isa = PBXFileReference; lastKnownFileType = sourcecode.swift; path = SearchBarImplementation.swift; sourceTree = "<group>"; };
		BCB22E2B22E8CF6400991D2A /* NewsApp.app */ = {isa = PBXFileReference; explicitFileType = wrapper.application; includeInIndex = 0; path = NewsApp.app; sourceTree = BUILT_PRODUCTS_DIR; };
		BCB22E2E22E8CF6400991D2A /* AppDelegate.swift */ = {isa = PBXFileReference; lastKnownFileType = sourcecode.swift; path = AppDelegate.swift; sourceTree = "<group>"; };
		BCB22E3322E8CF6400991D2A /* Base */ = {isa = PBXFileReference; lastKnownFileType = file.storyboard; name = Base; path = Base.lproj/Main.storyboard; sourceTree = "<group>"; };
		BCB22E3522E8CF6600991D2A /* Assets.xcassets */ = {isa = PBXFileReference; lastKnownFileType = folder.assetcatalog; path = Assets.xcassets; sourceTree = "<group>"; };
		BCB22E3822E8CF6600991D2A /* Base */ = {isa = PBXFileReference; lastKnownFileType = file.storyboard; name = Base; path = Base.lproj/LaunchScreen.storyboard; sourceTree = "<group>"; };
		BCB22E3A22E8CF6600991D2A /* Info.plist */ = {isa = PBXFileReference; lastKnownFileType = text.plist.xml; path = Info.plist; sourceTree = "<group>"; };
		BCB22E4022E8CFE800991D2A /* ArticleClass.swift */ = {isa = PBXFileReference; lastKnownFileType = sourcecode.swift; path = ArticleClass.swift; sourceTree = "<group>"; };
		BCB22E4222E8D46E00991D2A /* FetchingArticles.swift */ = {isa = PBXFileReference; lastKnownFileType = sourcecode.swift; path = FetchingArticles.swift; sourceTree = "<group>"; };
		BCB22E4422E8D4B100991D2A /* MainViewController.swift */ = {isa = PBXFileReference; lastKnownFileType = sourcecode.swift; path = MainViewController.swift; sourceTree = "<group>"; };
		BCB22E4622E8DDAF00991D2A /* URLStructExtension.swift */ = {isa = PBXFileReference; lastKnownFileType = sourcecode.swift; path = URLStructExtension.swift; sourceTree = "<group>"; };
		BCB22E4822E8DE5700991D2A /* QueryParameters.swift */ = {isa = PBXFileReference; lastKnownFileType = sourcecode.swift; path = QueryParameters.swift; sourceTree = "<group>"; };
		BCB22E4A22E903C200991D2A /* ImageDownloadingExtension.swift */ = {isa = PBXFileReference; lastKnownFileType = sourcecode.swift; path = ImageDownloadingExtension.swift; sourceTree = "<group>"; };
		BCB22E4D22E9063000991D2A /* articlesDataModule.xcdatamodel */ = {isa = PBXFileReference; lastKnownFileType = wrapper.xcdatamodel; path = articlesDataModule.xcdatamodel; sourceTree = "<group>"; };
		BCB22E4F22E971CE00991D2A /* TableViewImplementation.swift */ = {isa = PBXFileReference; lastKnownFileType = sourcecode.swift; path = TableViewImplementation.swift; sourceTree = "<group>"; };
		BCB22E5122E9723B00991D2A /* TableViewUI.swift */ = {isa = PBXFileReference; lastKnownFileType = sourcecode.swift; path = TableViewUI.swift; sourceTree = "<group>"; };
		BCB22E5322E978AA00991D2A /* ArticleCell.swift */ = {isa = PBXFileReference; lastKnownFileType = sourcecode.swift; path = ArticleCell.swift; sourceTree = "<group>"; };
/* End PBXFileReference section */

/* Begin PBXFrameworksBuildPhase section */
		BCB22E2822E8CF6400991D2A /* Frameworks */ = {
			isa = PBXFrameworksBuildPhase;
			buildActionMask = 2147483647;
			files = (
			);
			runOnlyForDeploymentPostprocessing = 0;
		};
/* End PBXFrameworksBuildPhase section */

/* Begin PBXGroup section */
		BC54BEBF22EE2AD700FEF7C9 /* UI */ = {
			isa = PBXGroup;
			children = (
				BCB22E4422E8D4B100991D2A /* MainViewController.swift */,
				BCB22E5122E9723B00991D2A /* TableViewUI.swift */,
				BC6D8D4E22EA2981007D54E6 /* NavigationBarUI.swift */,
				BCB22E5322E978AA00991D2A /* ArticleCell.swift */,
			);
			path = UI;
			sourceTree = "<group>";
		};
		BC54BEC122EE2B0C00FEF7C9 /* API */ = {
			isa = PBXGroup;
			children = (
				BCB22E4222E8D46E00991D2A /* FetchingArticles.swift */,
				BCB22E4622E8DDAF00991D2A /* URLStructExtension.swift */,
				BCB22E4822E8DE5700991D2A /* QueryParameters.swift */,
				BCB22E4A22E903C200991D2A /* ImageDownloadingExtension.swift */,
			);
			path = API;
			sourceTree = "<group>";
		};
		BC54BEC222EE2B7500FEF7C9 /* Model */ = {
			isa = PBXGroup;
			children = (
				BC54BEC422EE363A00FEF7C9 /* Article+CoreDataClass.swift */,
				BC54BEC522EE363A00FEF7C9 /* Article+CoreDataProperties.swift */,
				BCB22E4022E8CFE800991D2A /* ArticleClass.swift */,
				BCB22E4C22E9063000991D2A /* articlesDataModule.xcdatamodeld */,
			);
			path = Model;
			sourceTree = "<group>";
		};
		BC54BEC322EE2C0000FEF7C9 /* Sources */ = {
			isa = PBXGroup;
			children = (
				BCB22E3522E8CF6600991D2A /* Assets.xcassets */,
				BCB22E3222E8CF6400991D2A /* Main.storyboard */,
				BCB22E3722E8CF6600991D2A /* LaunchScreen.storyboard */,
			);
			path = Sources;
			sourceTree = "<group>";
		};
		BCB22E2222E8CF6400991D2A = {
			isa = PBXGroup;
			children = (
				BCB22E2D22E8CF6400991D2A /* NewsApp */,
				BCB22E2C22E8CF6400991D2A /* Products */,
			);
			sourceTree = "<group>";
		};
		BCB22E2C22E8CF6400991D2A /* Products */ = {
			isa = PBXGroup;
			children = (
				BCB22E2B22E8CF6400991D2A /* NewsApp.app */,
			);
			name = Products;
			sourceTree = "<group>";
		};
		BCB22E2D22E8CF6400991D2A /* NewsApp */ = {
			isa = PBXGroup;
			children = (
				BC6D8D5022EA3225007D54E6 /* SearchBarImplementation.swift */,
				BCB22E4F22E971CE00991D2A /* TableViewImplementation.swift */,
				BCB22E2E22E8CF6400991D2A /* AppDelegate.swift */,
				BC54BEBF22EE2AD700FEF7C9 /* UI */,
				BC54BEC122EE2B0C00FEF7C9 /* API */,
				BC54BEC222EE2B7500FEF7C9 /* Model */,
				BC54BEC322EE2C0000FEF7C9 /* Sources */,
				BCB22E3A22E8CF6600991D2A /* Info.plist */,
			);
			path = NewsApp;
			sourceTree = "<group>";
		};
/* End PBXGroup section */

/* Begin PBXNativeTarget section */
		BCB22E2A22E8CF6400991D2A /* NewsApp */ = {
			isa = PBXNativeTarget;
			buildConfigurationList = BCB22E3D22E8CF6600991D2A /* Build configuration list for PBXNativeTarget "NewsApp" */;
			buildPhases = (
				BCB22E2722E8CF6400991D2A /* Sources */,
				BCB22E2822E8CF6400991D2A /* Frameworks */,
				BCB22E2922E8CF6400991D2A /* Resources */,
			);
			buildRules = (
			);
			dependencies = (
			);
			name = NewsApp;
			productName = NewsApp;
			productReference = BCB22E2B22E8CF6400991D2A /* NewsApp.app */;
			productType = "com.apple.product-type.application";
		};
/* End PBXNativeTarget section */

/* Begin PBXProject section */
		BCB22E2322E8CF6400991D2A /* Project object */ = {
			isa = PBXProject;
			attributes = {
				LastSwiftUpdateCheck = 1020;
				LastUpgradeCheck = 1020;
				ORGANIZATIONNAME = "Иван Романов";
				TargetAttributes = {
					BCB22E2A22E8CF6400991D2A = {
						CreatedOnToolsVersion = 10.2;
					};
				};
			};
			buildConfigurationList = BCB22E2622E8CF6400991D2A /* Build configuration list for PBXProject "NewsApp" */;
			compatibilityVersion = "Xcode 9.3";
			developmentRegion = en;
			hasScannedForEncodings = 0;
			knownRegions = (
				en,
				Base,
			);
			mainGroup = BCB22E2222E8CF6400991D2A;
			productRefGroup = BCB22E2C22E8CF6400991D2A /* Products */;
			projectDirPath = "";
			projectRoot = "";
			targets = (
				BCB22E2A22E8CF6400991D2A /* NewsApp */,
			);
		};
/* End PBXProject section */

/* Begin PBXResourcesBuildPhase section */
		BCB22E2922E8CF6400991D2A /* Resources */ = {
			isa = PBXResourcesBuildPhase;
			buildActionMask = 2147483647;
			files = (
				BCB22E3922E8CF6600991D2A /* LaunchScreen.storyboard in Resources */,
				BCB22E3622E8CF6600991D2A /* Assets.xcassets in Resources */,
				BCB22E3422E8CF6400991D2A /* Main.storyboard in Resources */,
			);
			runOnlyForDeploymentPostprocessing = 0;
		};
/* End PBXResourcesBuildPhase section */

/* Begin PBXSourcesBuildPhase section */
		BCB22E2722E8CF6400991D2A /* Sources */ = {
			isa = PBXSourcesBuildPhase;
			buildActionMask = 2147483647;
			files = (
				BC6D8D5122EA3225007D54E6 /* SearchBarImplementation.swift in Sources */,
				BCB22E4322E8D46E00991D2A /* FetchingArticles.swift in Sources */,
				BC54BEC622EE363A00FEF7C9 /* Article+CoreDataClass.swift in Sources */,
				BCB22E4122E8CFE800991D2A /* ArticleClass.swift in Sources */,
				BCB22E4922E8DE5700991D2A /* QueryParameters.swift in Sources */,
				BCB22E2F22E8CF6400991D2A /* AppDelegate.swift in Sources */,
				BCB22E4722E8DDAF00991D2A /* URLStructExtension.swift in Sources */,
				BCB22E4B22E903C200991D2A /* ImageDownloadingExtension.swift in Sources */,
				BCB22E5022E971CE00991D2A /* TableViewImplementation.swift in Sources */,
				BCB22E4E22E9063000991D2A /* articlesDataModule.xcdatamodeld in Sources */,
				BCB22E4522E8D4B100991D2A /* MainViewController.swift in Sources */,
				BC54BEC722EE363A00FEF7C9 /* Article+CoreDataProperties.swift in Sources */,
				BC6D8D4F22EA2981007D54E6 /* NavigationBarUI.swift in Sources */,
				BCB22E5222E9723B00991D2A /* TableViewUI.swift in Sources */,
				BCB22E5422E978AA00991D2A /* ArticleCell.swift in Sources */,
			);
			runOnlyForDeploymentPostprocessing = 0;
		};
/* End PBXSourcesBuildPhase section */

/* Begin PBXVariantGroup section */
		BCB22E3222E8CF6400991D2A /* Main.storyboard */ = {
			isa = PBXVariantGroup;
			children = (
				BCB22E3322E8CF6400991D2A /* Base */,
			);
			name = Main.storyboard;
			sourceTree = "<group>";
		};
		BCB22E3722E8CF6600991D2A /* LaunchScreen.storyboard */ = {
			isa = PBXVariantGroup;
			children = (
				BCB22E3822E8CF6600991D2A /* Base */,
			);
			name = LaunchScreen.storyboard;
			sourceTree = "<group>";
		};
/* End PBXVariantGroup section */

/* Begin XCBuildConfiguration section */
		BCB22E3B22E8CF6600991D2A /* Debug */ = {
			isa = XCBuildConfiguration;
			buildSettings = {
				ALWAYS_SEARCH_USER_PATHS = NO;
				CLANG_ANALYZER_NONNULL = YES;
				CLANG_ANALYZER_NUMBER_OBJECT_CONVERSION = YES_AGGRESSIVE;
				CLANG_CXX_LANGUAGE_STANDARD = "gnu++14";
				CLANG_CXX_LIBRARY = "libc++";
				CLANG_ENABLE_MODULES = YES;
				CLANG_ENABLE_OBJC_ARC = YES;
				CLANG_ENABLE_OBJC_WEAK = YES;
				CLANG_WARN_BLOCK_CAPTURE_AUTORELEASING = YES;
				CLANG_WARN_BOOL_CONVERSION = YES;
				CLANG_WARN_COMMA = YES;
				CLANG_WARN_CONSTANT_CONVERSION = YES;
				CLANG_WARN_DEPRECATED_OBJC_IMPLEMENTATIONS = YES;
				CLANG_WARN_DIRECT_OBJC_ISA_USAGE = YES_ERROR;
				CLANG_WARN_DOCUMENTATION_COMMENTS = YES;
				CLANG_WARN_EMPTY_BODY = YES;
				CLANG_WARN_ENUM_CONVERSION = YES;
				CLANG_WARN_INFINITE_RECURSION = YES;
				CLANG_WARN_INT_CONVERSION = YES;
				CLANG_WARN_NON_LITERAL_NULL_CONVERSION = YES;
				CLANG_WARN_OBJC_IMPLICIT_RETAIN_SELF = YES;
				CLANG_WARN_OBJC_LITERAL_CONVERSION = YES;
				CLANG_WARN_OBJC_ROOT_CLASS = YES_ERROR;
				CLANG_WARN_RANGE_LOOP_ANALYSIS = YES;
				CLANG_WARN_STRICT_PROTOTYPES = YES;
				CLANG_WARN_SUSPICIOUS_MOVE = YES;
				CLANG_WARN_UNGUARDED_AVAILABILITY = YES_AGGRESSIVE;
				CLANG_WARN_UNREACHABLE_CODE = YES;
				CLANG_WARN__DUPLICATE_METHOD_MATCH = YES;
				CODE_SIGN_IDENTITY = "iPhone Developer";
				COPY_PHASE_STRIP = NO;
				DEBUG_INFORMATION_FORMAT = dwarf;
				ENABLE_STRICT_OBJC_MSGSEND = YES;
				ENABLE_TESTABILITY = YES;
				GCC_C_LANGUAGE_STANDARD = gnu11;
				GCC_DYNAMIC_NO_PIC = NO;
				GCC_NO_COMMON_BLOCKS = YES;
				GCC_OPTIMIZATION_LEVEL = 0;
				GCC_PREPROCESSOR_DEFINITIONS = (
					"DEBUG=1",
					"$(inherited)",
				);
				GCC_WARN_64_TO_32_BIT_CONVERSION = YES;
				GCC_WARN_ABOUT_RETURN_TYPE = YES_ERROR;
				GCC_WARN_UNDECLARED_SELECTOR = YES;
				GCC_WARN_UNINITIALIZED_AUTOS = YES_AGGRESSIVE;
				GCC_WARN_UNUSED_FUNCTION = YES;
				GCC_WARN_UNUSED_VARIABLE = YES;
				IPHONEOS_DEPLOYMENT_TARGET = 12.2;
				MTL_ENABLE_DEBUG_INFO = INCLUDE_SOURCE;
				MTL_FAST_MATH = YES;
				ONLY_ACTIVE_ARCH = YES;
				SDKROOT = iphoneos;
				SWIFT_ACTIVE_COMPILATION_CONDITIONS = DEBUG;
				SWIFT_OPTIMIZATION_LEVEL = "-Onone";
			};
			name = Debug;
		};
		BCB22E3C22E8CF6600991D2A /* Release */ = {
			isa = XCBuildConfiguration;
			buildSettings = {
				ALWAYS_SEARCH_USER_PATHS = NO;
				CLANG_ANALYZER_NONNULL = YES;
				CLANG_ANALYZER_NUMBER_OBJECT_CONVERSION = YES_AGGRESSIVE;
				CLANG_CXX_LANGUAGE_STANDARD = "gnu++14";
				CLANG_CXX_LIBRARY = "libc++";
				CLANG_ENABLE_MODULES = YES;
				CLANG_ENABLE_OBJC_ARC = YES;
				CLANG_ENABLE_OBJC_WEAK = YES;
				CLANG_WARN_BLOCK_CAPTURE_AUTORELEASING = YES;
				CLANG_WARN_BOOL_CONVERSION = YES;
				CLANG_WARN_COMMA = YES;
				CLANG_WARN_CONSTANT_CONVERSION = YES;
				CLANG_WARN_DEPRECATED_OBJC_IMPLEMENTATIONS = YES;
				CLANG_WARN_DIRECT_OBJC_ISA_USAGE = YES_ERROR;
				CLANG_WARN_DOCUMENTATION_COMMENTS = YES;
				CLANG_WARN_EMPTY_BODY = YES;
				CLANG_WARN_ENUM_CONVERSION = YES;
				CLANG_WARN_INFINITE_RECURSION = YES;
				CLANG_WARN_INT_CONVERSION = YES;
				CLANG_WARN_NON_LITERAL_NULL_CONVERSION = YES;
				CLANG_WARN_OBJC_IMPLICIT_RETAIN_SELF = YES;
				CLANG_WARN_OBJC_LITERAL_CONVERSION = YES;
				CLANG_WARN_OBJC_ROOT_CLASS = YES_ERROR;
				CLANG_WARN_RANGE_LOOP_ANALYSIS = YES;
				CLANG_WARN_STRICT_PROTOTYPES = YES;
				CLANG_WARN_SUSPICIOUS_MOVE = YES;
				CLANG_WARN_UNGUARDED_AVAILABILITY = YES_AGGRESSIVE;
				CLANG_WARN_UNREACHABLE_CODE = YES;
				CLANG_WARN__DUPLICATE_METHOD_MATCH = YES;
				CODE_SIGN_IDENTITY = "iPhone Developer";
				COPY_PHASE_STRIP = NO;
				DEBUG_INFORMATION_FORMAT = "dwarf-with-dsym";
				ENABLE_NS_ASSERTIONS = NO;
				ENABLE_STRICT_OBJC_MSGSEND = YES;
				GCC_C_LANGUAGE_STANDARD = gnu11;
				GCC_NO_COMMON_BLOCKS = YES;
				GCC_WARN_64_TO_32_BIT_CONVERSION = YES;
				GCC_WARN_ABOUT_RETURN_TYPE = YES_ERROR;
				GCC_WARN_UNDECLARED_SELECTOR = YES;
				GCC_WARN_UNINITIALIZED_AUTOS = YES_AGGRESSIVE;
				GCC_WARN_UNUSED_FUNCTION = YES;
				GCC_WARN_UNUSED_VARIABLE = YES;
				IPHONEOS_DEPLOYMENT_TARGET = 12.2;
				MTL_ENABLE_DEBUG_INFO = NO;
				MTL_FAST_MATH = YES;
				SDKROOT = iphoneos;
				SWIFT_COMPILATION_MODE = wholemodule;
				SWIFT_OPTIMIZATION_LEVEL = "-O";
				VALIDATE_PRODUCT = YES;
			};
			name = Release;
		};
		BCB22E3E22E8CF6600991D2A /* Debug */ = {
			isa = XCBuildConfiguration;
			buildSettings = {
				ASSETCATALOG_COMPILER_APPICON_NAME = AppIcon;
				CODE_SIGN_STYLE = Automatic;
				DEVELOPMENT_TEAM = SCPX4SG3MN;
				INFOPLIST_FILE = NewsApp/Info.plist;
				LD_RUNPATH_SEARCH_PATHS = (
					"$(inherited)",
					"@executable_path/Frameworks",
				);
				PRODUCT_BUNDLE_IDENTIFIER = Kubsu.NewsApp;
				PRODUCT_NAME = "$(TARGET_NAME)";
				SWIFT_VERSION = 5.0;
				TARGETED_DEVICE_FAMILY = "1,2";
			};
			name = Debug;
		};
		BCB22E3F22E8CF6600991D2A /* Release */ = {
			isa = XCBuildConfiguration;
			buildSettings = {
				ASSETCATALOG_COMPILER_APPICON_NAME = AppIcon;
				CODE_SIGN_STYLE = Automatic;
				DEVELOPMENT_TEAM = SCPX4SG3MN;
				INFOPLIST_FILE = NewsApp/Info.plist;
				LD_RUNPATH_SEARCH_PATHS = (
					"$(inherited)",
					"@executable_path/Frameworks",
				);
				PRODUCT_BUNDLE_IDENTIFIER = Kubsu.NewsApp;
				PRODUCT_NAME = "$(TARGET_NAME)";
				SWIFT_VERSION = 5.0;
				TARGETED_DEVICE_FAMILY = "1,2";
			};
			name = Release;
		};
/* End XCBuildConfiguration section */

/* Begin XCConfigurationList section */
		BCB22E2622E8CF6400991D2A /* Build configuration list for PBXProject "NewsApp" */ = {
			isa = XCConfigurationList;
			buildConfigurations = (
				BCB22E3B22E8CF6600991D2A /* Debug */,
				BCB22E3C22E8CF6600991D2A /* Release */,
			);
			defaultConfigurationIsVisible = 0;
			defaultConfigurationName = Release;
		};
		BCB22E3D22E8CF6600991D2A /* Build configuration list for PBXNativeTarget "NewsApp" */ = {
			isa = XCConfigurationList;
			buildConfigurations = (
				BCB22E3E22E8CF6600991D2A /* Debug */,
				BCB22E3F22E8CF6600991D2A /* Release */,
			);
			defaultConfigurationIsVisible = 0;
			defaultConfigurationName = Release;
		};
/* End XCConfigurationList section */

/* Begin XCVersionGroup section */
		BCB22E4C22E9063000991D2A /* articlesDataModule.xcdatamodeld */ = {
			isa = XCVersionGroup;
			children = (
				BCB22E4D22E9063000991D2A /* articlesDataModule.xcdatamodel */,
			);
			currentVersion = BCB22E4D22E9063000991D2A /* articlesDataModule.xcdatamodel */;
			path = articlesDataModule.xcdatamodeld;
			sourceTree = "<group>";
			versionGroupType = wrapper.xcdatamodel;
		};
/* End XCVersionGroup section */
	};
	rootObject = BCB22E2322E8CF6400991D2A /* Project object */;
}
