// !$*UTF8*$!
{
	archiveVersion = 1;
	classes = {
	};
	objectVersion = 50;
	objects = {

/* Begin PBXBuildFile section */
		BC8F9F5923E4191C00B02F28 /* AppDelegate.swift in Sources */ = {isa = PBXBuildFile; fileRef = BC8F9F5823E4191C00B02F28 /* AppDelegate.swift */; };
		BC8F9F5B23E4191C00B02F28 /* SceneDelegate.swift in Sources */ = {isa = PBXBuildFile; fileRef = BC8F9F5A23E4191C00B02F28 /* SceneDelegate.swift */; };
		BC8F9F5D23E4191C00B02F28 /* IntroductionViewController.swift in Sources */ = {isa = PBXBuildFile; fileRef = BC8F9F5C23E4191C00B02F28 /* IntroductionViewController.swift */; };
		BC8F9F6023E4191C00B02F28 /* Main.storyboard in Resources */ = {isa = PBXBuildFile; fileRef = BC8F9F5E23E4191C00B02F28 /* Main.storyboard */; };
		BC8F9F6223E4192000B02F28 /* Assets.xcassets in Resources */ = {isa = PBXBuildFile; fileRef = BC8F9F6123E4192000B02F28 /* Assets.xcassets */; };
		BC8F9F6523E4192000B02F28 /* LaunchScreen.storyboard in Resources */ = {isa = PBXBuildFile; fileRef = BC8F9F6323E4192000B02F28 /* LaunchScreen.storyboard */; };
		BC8F9F6D23E457CD00B02F28 /* QuestionViewController.swift in Sources */ = {isa = PBXBuildFile; fileRef = BC8F9F6C23E457CD00B02F28 /* QuestionViewController.swift */; };
		BC8F9F6F23E457EF00B02F28 /* ResultViewController.swift in Sources */ = {isa = PBXBuildFile; fileRef = BC8F9F6E23E457EF00B02F28 /* ResultViewController.swift */; };
		BC8F9F7123E464CE00B02F28 /* QuestionData.swift in Sources */ = {isa = PBXBuildFile; fileRef = BC8F9F7023E464CE00B02F28 /* QuestionData.swift */; };
/* End PBXBuildFile section */

/* Begin PBXFileReference section */
		BC8F9F5523E4191C00B02F28 /* PersonalityQuiz.app */ = {isa = PBXFileReference; explicitFileType = wrapper.application; includeInIndex = 0; path = PersonalityQuiz.app; sourceTree = BUILT_PRODUCTS_DIR; };
		BC8F9F5823E4191C00B02F28 /* AppDelegate.swift */ = {isa = PBXFileReference; lastKnownFileType = sourcecode.swift; path = AppDelegate.swift; sourceTree = "<group>"; };
		BC8F9F5A23E4191C00B02F28 /* SceneDelegate.swift */ = {isa = PBXFileReference; lastKnownFileType = sourcecode.swift; path = SceneDelegate.swift; sourceTree = "<group>"; };
		BC8F9F5C23E4191C00B02F28 /* IntroductionViewController.swift */ = {isa = PBXFileReference; lastKnownFileType = sourcecode.swift; path = IntroductionViewController.swift; sourceTree = "<group>"; };
		BC8F9F5F23E4191C00B02F28 /* Base */ = {isa = PBXFileReference; lastKnownFileType = file.storyboard; name = Base; path = Base.lproj/Main.storyboard; sourceTree = "<group>"; };
		BC8F9F6123E4192000B02F28 /* Assets.xcassets */ = {isa = PBXFileReference; lastKnownFileType = folder.assetcatalog; path = Assets.xcassets; sourceTree = "<group>"; };
		BC8F9F6423E4192000B02F28 /* Base */ = {isa = PBXFileReference; lastKnownFileType = file.storyboard; name = Base; path = Base.lproj/LaunchScreen.storyboard; sourceTree = "<group>"; };
		BC8F9F6623E4192000B02F28 /* Info.plist */ = {isa = PBXFileReference; lastKnownFileType = text.plist.xml; path = Info.plist; sourceTree = "<group>"; };
		BC8F9F6C23E457CD00B02F28 /* QuestionViewController.swift */ = {isa = PBXFileReference; lastKnownFileType = sourcecode.swift; path = QuestionViewController.swift; sourceTree = "<group>"; };
		BC8F9F6E23E457EF00B02F28 /* ResultViewController.swift */ = {isa = PBXFileReference; lastKnownFileType = sourcecode.swift; path = ResultViewController.swift; sourceTree = "<group>"; };
		BC8F9F7023E464CE00B02F28 /* QuestionData.swift */ = {isa = PBXFileReference; lastKnownFileType = sourcecode.swift; path = QuestionData.swift; sourceTree = "<group>"; };
/* End PBXFileReference section */

/* Begin PBXFrameworksBuildPhase section */
		BC8F9F5223E4191C00B02F28 /* Frameworks */ = {
			isa = PBXFrameworksBuildPhase;
			buildActionMask = 2147483647;
			files = (
			);
			runOnlyForDeploymentPostprocessing = 0;
		};
/* End PBXFrameworksBuildPhase section */

/* Begin PBXGroup section */
		BC8F9F4C23E4191C00B02F28 = {
			isa = PBXGroup;
			children = (
				BC8F9F5723E4191C00B02F28 /* PersonalityQuiz */,
				BC8F9F5623E4191C00B02F28 /* Products */,
			);
			sourceTree = "<group>";
		};
		BC8F9F5623E4191C00B02F28 /* Products */ = {
			isa = PBXGroup;
			children = (
				BC8F9F5523E4191C00B02F28 /* PersonalityQuiz.app */,
			);
			name = Products;
			sourceTree = "<group>";
		};
		BC8F9F5723E4191C00B02F28 /* PersonalityQuiz */ = {
			isa = PBXGroup;
			children = (
				BC8F9F5823E4191C00B02F28 /* AppDelegate.swift */,
				BC8F9F5A23E4191C00B02F28 /* SceneDelegate.swift */,
				BC8F9F5E23E4191C00B02F28 /* Main.storyboard */,
				BC8F9F5C23E4191C00B02F28 /* IntroductionViewController.swift */,
				BC8F9F6C23E457CD00B02F28 /* QuestionViewController.swift */,
				BC8F9F6E23E457EF00B02F28 /* ResultViewController.swift */,
				BC8F9F7023E464CE00B02F28 /* QuestionData.swift */,
				BC8F9F6123E4192000B02F28 /* Assets.xcassets */,
				BC8F9F6323E4192000B02F28 /* LaunchScreen.storyboard */,
				BC8F9F6623E4192000B02F28 /* Info.plist */,
			);
			path = PersonalityQuiz;
			sourceTree = "<group>";
		};
/* End PBXGroup section */

/* Begin PBXNativeTarget section */
		BC8F9F5423E4191C00B02F28 /* PersonalityQuiz */ = {
			isa = PBXNativeTarget;
			buildConfigurationList = BC8F9F6923E4192000B02F28 /* Build configuration list for PBXNativeTarget "PersonalityQuiz" */;
			buildPhases = (
				BC8F9F5123E4191C00B02F28 /* Sources */,
				BC8F9F5223E4191C00B02F28 /* Frameworks */,
				BC8F9F5323E4191C00B02F28 /* Resources */,
			);
			buildRules = (
			);
			dependencies = (
			);
			name = PersonalityQuiz;
			productName = PersonalityQuiz;
			productReference = BC8F9F5523E4191C00B02F28 /* PersonalityQuiz.app */;
			productType = "com.apple.product-type.application";
		};
/* End PBXNativeTarget section */

/* Begin PBXProject section */
		BC8F9F4D23E4191C00B02F28 /* Project object */ = {
			isa = PBXProject;
			attributes = {
				LastSwiftUpdateCheck = 1130;
				LastUpgradeCheck = 1130;
				ORGANIZATIONNAME = "Иван Романов";
				TargetAttributes = {
					BC8F9F5423E4191C00B02F28 = {
						CreatedOnToolsVersion = 11.3.1;
					};
				};
			};
			buildConfigurationList = BC8F9F5023E4191C00B02F28 /* Build configuration list for PBXProject "PersonalityQuiz" */;
			compatibilityVersion = "Xcode 9.3";
			developmentRegion = en;
			hasScannedForEncodings = 0;
			knownRegions = (
				en,
				Base,
			);
			mainGroup = BC8F9F4C23E4191C00B02F28;
			productRefGroup = BC8F9F5623E4191C00B02F28 /* Products */;
			projectDirPath = "";
			projectRoot = "";
			targets = (
				BC8F9F5423E4191C00B02F28 /* PersonalityQuiz */,
			);
		};
/* End PBXProject section */

/* Begin PBXResourcesBuildPhase section */
		BC8F9F5323E4191C00B02F28 /* Resources */ = {
			isa = PBXResourcesBuildPhase;
			buildActionMask = 2147483647;
			files = (
				BC8F9F6523E4192000B02F28 /* LaunchScreen.storyboard in Resources */,
				BC8F9F6223E4192000B02F28 /* Assets.xcassets in Resources */,
				BC8F9F6023E4191C00B02F28 /* Main.storyboard in Resources */,
			);
			runOnlyForDeploymentPostprocessing = 0;
		};
/* End PBXResourcesBuildPhase section */

/* Begin PBXSourcesBuildPhase section */
		BC8F9F5123E4191C00B02F28 /* Sources */ = {
			isa = PBXSourcesBuildPhase;
			buildActionMask = 2147483647;
			files = (
				BC8F9F6F23E457EF00B02F28 /* ResultViewController.swift in Sources */,
				BC8F9F7123E464CE00B02F28 /* QuestionData.swift in Sources */,
				BC8F9F5D23E4191C00B02F28 /* IntroductionViewController.swift in Sources */,
				BC8F9F5923E4191C00B02F28 /* AppDelegate.swift in Sources */,
				BC8F9F6D23E457CD00B02F28 /* QuestionViewController.swift in Sources */,
				BC8F9F5B23E4191C00B02F28 /* SceneDelegate.swift in Sources */,
			);
			runOnlyForDeploymentPostprocessing = 0;
		};
/* End PBXSourcesBuildPhase section */

/* Begin PBXVariantGroup section */
		BC8F9F5E23E4191C00B02F28 /* Main.storyboard */ = {
			isa = PBXVariantGroup;
			children = (
				BC8F9F5F23E4191C00B02F28 /* Base */,
			);
			name = Main.storyboard;
			sourceTree = "<group>";
		};
		BC8F9F6323E4192000B02F28 /* LaunchScreen.storyboard */ = {
			isa = PBXVariantGroup;
			children = (
				BC8F9F6423E4192000B02F28 /* Base */,
			);
			name = LaunchScreen.storyboard;
			sourceTree = "<group>";
		};
/* End PBXVariantGroup section */

/* Begin XCBuildConfiguration section */
		BC8F9F6723E4192000B02F28 /* Debug */ = {
			isa = XCBuildConfiguration;
			buildSettings = {
				ALWAYS_SEARCH_USER_PATHS = NO;
				CLANG_ANALYZER_NONNULL = YES;
				CLANG_ANALYZER_NUMBER_OBJECT_CONVERSION = YES_AGGRESSIVE;
				CLANG_CXX_LANGUAGE_STANDARD = "gnu++14";
				CLANG_CXX_LIBRARY = "libc++";
				CLANG_ENABLE_MODULES = YES;
				CLANG_ENABLE_OBJC_ARC = YES;
				CLANG_ENABLE_OBJC_WEAK = YES;
				CLANG_WARN_BLOCK_CAPTURE_AUTORELEASING = YES;
				CLANG_WARN_BOOL_CONVERSION = YES;
				CLANG_WARN_COMMA = YES;
				CLANG_WARN_CONSTANT_CONVERSION = YES;
				CLANG_WARN_DEPRECATED_OBJC_IMPLEMENTATIONS = YES;
				CLANG_WARN_DIRECT_OBJC_ISA_USAGE = YES_ERROR;
				CLANG_WARN_DOCUMENTATION_COMMENTS = YES;
				CLANG_WARN_EMPTY_BODY = YES;
				CLANG_WARN_ENUM_CONVERSION = YES;
				CLANG_WARN_INFINITE_RECURSION = YES;
				CLANG_WARN_INT_CONVERSION = YES;
				CLANG_WARN_NON_LITERAL_NULL_CONVERSION = YES;
				CLANG_WARN_OBJC_IMPLICIT_RETAIN_SELF = YES;
				CLANG_WARN_OBJC_LITERAL_CONVERSION = YES;
				CLANG_WARN_OBJC_ROOT_CLASS = YES_ERROR;
				CLANG_WARN_RANGE_LOOP_ANALYSIS = YES;
				CLANG_WARN_STRICT_PROTOTYPES = YES;
				CLANG_WARN_SUSPICIOUS_MOVE = YES;
				CLANG_WARN_UNGUARDED_AVAILABILITY = YES_AGGRESSIVE;
				CLANG_WARN_UNREACHABLE_CODE = YES;
				CLANG_WARN__DUPLICATE_METHOD_MATCH = YES;
				COPY_PHASE_STRIP = NO;
				DEBUG_INFORMATION_FORMAT = dwarf;
				ENABLE_STRICT_OBJC_MSGSEND = YES;
				ENABLE_TESTABILITY = YES;
				GCC_C_LANGUAGE_STANDARD = gnu11;
				GCC_DYNAMIC_NO_PIC = NO;
				GCC_NO_COMMON_BLOCKS = YES;
				GCC_OPTIMIZATION_LEVEL = 0;
				GCC_PREPROCESSOR_DEFINITIONS = (
					"DEBUG=1",
					"$(inherited)",
				);
				GCC_WARN_64_TO_32_BIT_CONVERSION = YES;
				GCC_WARN_ABOUT_RETURN_TYPE = YES_ERROR;
				GCC_WARN_UNDECLARED_SELECTOR = YES;
				GCC_WARN_UNINITIALIZED_AUTOS = YES_AGGRESSIVE;
				GCC_WARN_UNUSED_FUNCTION = YES;
				GCC_WARN_UNUSED_VARIABLE = YES;
				IPHONEOS_DEPLOYMENT_TARGET = 13.2;
				MTL_ENABLE_DEBUG_INFO = INCLUDE_SOURCE;
				MTL_FAST_MATH = YES;
				ONLY_ACTIVE_ARCH = YES;
				SDKROOT = iphoneos;
				SWIFT_ACTIVE_COMPILATION_CONDITIONS = DEBUG;
				SWIFT_OPTIMIZATION_LEVEL = "-Onone";
			};
			name = Debug;
		};
		BC8F9F6823E4192000B02F28 /* Release */ = {
			isa = XCBuildConfiguration;
			buildSettings = {
				ALWAYS_SEARCH_USER_PATHS = NO;
				CLANG_ANALYZER_NONNULL = YES;
				CLANG_ANALYZER_NUMBER_OBJECT_CONVERSION = YES_AGGRESSIVE;
				CLANG_CXX_LANGUAGE_STANDARD = "gnu++14";
				CLANG_CXX_LIBRARY = "libc++";
				CLANG_ENABLE_MODULES = YES;
				CLANG_ENABLE_OBJC_ARC = YES;
				CLANG_ENABLE_OBJC_WEAK = YES;
				CLANG_WARN_BLOCK_CAPTURE_AUTORELEASING = YES;
				CLANG_WARN_BOOL_CONVERSION = YES;
				CLANG_WARN_COMMA = YES;
				CLANG_WARN_CONSTANT_CONVERSION = YES;
				CLANG_WARN_DEPRECATED_OBJC_IMPLEMENTATIONS = YES;
				CLANG_WARN_DIRECT_OBJC_ISA_USAGE = YES_ERROR;
				CLANG_WARN_DOCUMENTATION_COMMENTS = YES;
				CLANG_WARN_EMPTY_BODY = YES;
				CLANG_WARN_ENUM_CONVERSION = YES;
				CLANG_WARN_INFINITE_RECURSION = YES;
				CLANG_WARN_INT_CONVERSION = YES;
				CLANG_WARN_NON_LITERAL_NULL_CONVERSION = YES;
				CLANG_WARN_OBJC_IMPLICIT_RETAIN_SELF = YES;
				CLANG_WARN_OBJC_LITERAL_CONVERSION = YES;
				CLANG_WARN_OBJC_ROOT_CLASS = YES_ERROR;
				CLANG_WARN_RANGE_LOOP_ANALYSIS = YES;
				CLANG_WARN_STRICT_PROTOTYPES = YES;
				CLANG_WARN_SUSPICIOUS_MOVE = YES;
				CLANG_WARN_UNGUARDED_AVAILABILITY = YES_AGGRESSIVE;
				CLANG_WARN_UNREACHABLE_CODE = YES;
				CLANG_WARN__DUPLICATE_METHOD_MATCH = YES;
				COPY_PHASE_STRIP = NO;
				DEBUG_INFORMATION_FORMAT = "dwarf-with-dsym";
				ENABLE_NS_ASSERTIONS = NO;
				ENABLE_STRICT_OBJC_MSGSEND = YES;
				GCC_C_LANGUAGE_STANDARD = gnu11;
				GCC_NO_COMMON_BLOCKS = YES;
				GCC_WARN_64_TO_32_BIT_CONVERSION = YES;
				GCC_WARN_ABOUT_RETURN_TYPE = YES_ERROR;
				GCC_WARN_UNDECLARED_SELECTOR = YES;
				GCC_WARN_UNINITIALIZED_AUTOS = YES_AGGRESSIVE;
				GCC_WARN_UNUSED_FUNCTION = YES;
				GCC_WARN_UNUSED_VARIABLE = YES;
				IPHONEOS_DEPLOYMENT_TARGET = 13.2;
				MTL_ENABLE_DEBUG_INFO = NO;
				MTL_FAST_MATH = YES;
				SDKROOT = iphoneos;
				SWIFT_COMPILATION_MODE = wholemodule;
				SWIFT_OPTIMIZATION_LEVEL = "-O";
				VALIDATE_PRODUCT = YES;
			};
			name = Release;
		};
		BC8F9F6A23E4192000B02F28 /* Debug */ = {
			isa = XCBuildConfiguration;
			buildSettings = {
				ASSETCATALOG_COMPILER_APPICON_NAME = AppIcon;
				CODE_SIGN_STYLE = Automatic;
				INFOPLIST_FILE = PersonalityQuiz/Info.plist;
				LD_RUNPATH_SEARCH_PATHS = (
					"$(inherited)",
					"@executable_path/Frameworks",
				);
				PRODUCT_BUNDLE_IDENTIFIER = "e-bodah.PersonalityQuiz";
				PRODUCT_NAME = "$(TARGET_NAME)";
				SWIFT_VERSION = 5.0;
				TARGETED_DEVICE_FAMILY = "1,2";
			};
			name = Debug;
		};
		BC8F9F6B23E4192000B02F28 /* Release */ = {
			isa = XCBuildConfiguration;
			buildSettings = {
				ASSETCATALOG_COMPILER_APPICON_NAME = AppIcon;
				CODE_SIGN_STYLE = Automatic;
				INFOPLIST_FILE = PersonalityQuiz/Info.plist;
				LD_RUNPATH_SEARCH_PATHS = (
					"$(inherited)",
					"@executable_path/Frameworks",
				);
				PRODUCT_BUNDLE_IDENTIFIER = "e-bodah.PersonalityQuiz";
				PRODUCT_NAME = "$(TARGET_NAME)";
				SWIFT_VERSION = 5.0;
				TARGETED_DEVICE_FAMILY = "1,2";
			};
			name = Release;
		};
/* End XCBuildConfiguration section */

/* Begin XCConfigurationList section */
		BC8F9F5023E4191C00B02F28 /* Build configuration list for PBXProject "PersonalityQuiz" */ = {
			isa = XCConfigurationList;
			buildConfigurations = (
				BC8F9F6723E4192000B02F28 /* Debug */,
				BC8F9F6823E4192000B02F28 /* Release */,
			);
			defaultConfigurationIsVisible = 0;
			defaultConfigurationName = Release;
		};
		BC8F9F6923E4192000B02F28 /* Build configuration list for PBXNativeTarget "PersonalityQuiz" */ = {
			isa = XCConfigurationList;
			buildConfigurations = (
				BC8F9F6A23E4192000B02F28 /* Debug */,
				BC8F9F6B23E4192000B02F28 /* Release */,
			);
			defaultConfigurationIsVisible = 0;
			defaultConfigurationName = Release;
		};
/* End XCConfigurationList section */
	};
	rootObject = BC8F9F4D23E4191C00B02F28 /* Project object */;
}
