// !$*UTF8*$!
{
	archiveVersion = 1;
	classes = {
	};
	objectVersion = 50;
	objects = {

/* Begin PBXBuildFile section */
		3F0C3E818B470A390D2E9A46 /* Pods_CHRTS.framework in Frameworks */ = {isa = PBXBuildFile; fileRef = D458BC4FAC2728355C53FBAB /* Pods_CHRTS.framework */; };
		BC6733C42276E80700B5C089 /* AppDelegate.swift in Sources */ = {isa = PBXBuildFile; fileRef = BC6733C32276E80700B5C089 /* AppDelegate.swift */; };
		BC6733C62276E80700B5C089 /* ViewController.swift in Sources */ = {isa = PBXBuildFile; fileRef = BC6733C52276E80700B5C089 /* ViewController.swift */; };
		BC6733C92276E80700B5C089 /* Main.storyboard in Resources */ = {isa = PBXBuildFile; fileRef = BC6733C72276E80700B5C089 /* Main.storyboard */; };
		BC6733CB2276E80900B5C089 /* Assets.xcassets in Resources */ = {isa = PBXBuildFile; fileRef = BC6733CA2276E80900B5C089 /* Assets.xcassets */; };
		BC6733CE2276E80900B5C089 /* LaunchScreen.storyboard in Resources */ = {isa = PBXBuildFile; fileRef = BC6733CC2276E80900B5C089 /* LaunchScreen.storyboard */; };
/* End PBXBuildFile section */

/* Begin PBXFileReference section */
		172165640F8FB012C10F8EFE /* Pods-CHRTS.release.xcconfig */ = {isa = PBXFileReference; includeInIndex = 1; lastKnownFileType = text.xcconfig; name = "Pods-CHRTS.release.xcconfig"; path = "Target Support Files/Pods-CHRTS/Pods-CHRTS.release.xcconfig"; sourceTree = "<group>"; };
		55E289F22F3B2686F9F0F7EE /* Pods-CHRTS.debug.xcconfig */ = {isa = PBXFileReference; includeInIndex = 1; lastKnownFileType = text.xcconfig; name = "Pods-CHRTS.debug.xcconfig"; path = "Target Support Files/Pods-CHRTS/Pods-CHRTS.debug.xcconfig"; sourceTree = "<group>"; };
		BC6733C02276E80700B5C089 /* CHRTS.app */ = {isa = PBXFileReference; explicitFileType = wrapper.application; includeInIndex = 0; path = CHRTS.app; sourceTree = BUILT_PRODUCTS_DIR; };
		BC6733C32276E80700B5C089 /* AppDelegate.swift */ = {isa = PBXFileReference; lastKnownFileType = sourcecode.swift; path = AppDelegate.swift; sourceTree = "<group>"; };
		BC6733C52276E80700B5C089 /* ViewController.swift */ = {isa = PBXFileReference; lastKnownFileType = sourcecode.swift; path = ViewController.swift; sourceTree = "<group>"; };
		BC6733C82276E80700B5C089 /* Base */ = {isa = PBXFileReference; lastKnownFileType = file.storyboard; name = Base; path = Base.lproj/Main.storyboard; sourceTree = "<group>"; };
		BC6733CA2276E80900B5C089 /* Assets.xcassets */ = {isa = PBXFileReference; lastKnownFileType = folder.assetcatalog; path = Assets.xcassets; sourceTree = "<group>"; };
		BC6733CD2276E80900B5C089 /* Base */ = {isa = PBXFileReference; lastKnownFileType = file.storyboard; name = Base; path = Base.lproj/LaunchScreen.storyboard; sourceTree = "<group>"; };
		BC6733CF2276E80900B5C089 /* Info.plist */ = {isa = PBXFileReference; lastKnownFileType = text.plist.xml; path = Info.plist; sourceTree = "<group>"; };
		D458BC4FAC2728355C53FBAB /* Pods_CHRTS.framework */ = {isa = PBXFileReference; explicitFileType = wrapper.framework; includeInIndex = 0; path = Pods_CHRTS.framework; sourceTree = BUILT_PRODUCTS_DIR; };
/* End PBXFileReference section */

/* Begin PBXFrameworksBuildPhase section */
		BC6733BD2276E80700B5C089 /* Frameworks */ = {
			isa = PBXFrameworksBuildPhase;
			buildActionMask = 2147483647;
			files = (
				3F0C3E818B470A390D2E9A46 /* Pods_CHRTS.framework in Frameworks */,
			);
			runOnlyForDeploymentPostprocessing = 0;
		};
/* End PBXFrameworksBuildPhase section */

/* Begin PBXGroup section */
		5EFCED2B5F75DD57EDECF63E /* Pods */ = {
			isa = PBXGroup;
			children = (
				55E289F22F3B2686F9F0F7EE /* Pods-CHRTS.debug.xcconfig */,
				172165640F8FB012C10F8EFE /* Pods-CHRTS.release.xcconfig */,
			);
			name = Pods;
			path = Pods;
			sourceTree = "<group>";
		};
		84D7EFEEE8AA77C4F961AAF2 /* Frameworks */ = {
			isa = PBXGroup;
			children = (
				D458BC4FAC2728355C53FBAB /* Pods_CHRTS.framework */,
			);
			name = Frameworks;
			sourceTree = "<group>";
		};
		BC6733B72276E80700B5C089 = {
			isa = PBXGroup;
			children = (
				BC6733C22276E80700B5C089 /* CHRTS */,
				BC6733C12276E80700B5C089 /* Products */,
				5EFCED2B5F75DD57EDECF63E /* Pods */,
				84D7EFEEE8AA77C4F961AAF2 /* Frameworks */,
			);
			sourceTree = "<group>";
		};
		BC6733C12276E80700B5C089 /* Products */ = {
			isa = PBXGroup;
			children = (
				BC6733C02276E80700B5C089 /* CHRTS.app */,
			);
			name = Products;
			sourceTree = "<group>";
		};
		BC6733C22276E80700B5C089 /* CHRTS */ = {
			isa = PBXGroup;
			children = (
				BC6733C32276E80700B5C089 /* AppDelegate.swift */,
				BC6733C52276E80700B5C089 /* ViewController.swift */,
				BC6733C72276E80700B5C089 /* Main.storyboard */,
				BC6733CA2276E80900B5C089 /* Assets.xcassets */,
				BC6733CC2276E80900B5C089 /* LaunchScreen.storyboard */,
				BC6733CF2276E80900B5C089 /* Info.plist */,
			);
			path = CHRTS;
			sourceTree = "<group>";
		};
/* End PBXGroup section */

/* Begin PBXNativeTarget section */
		BC6733BF2276E80700B5C089 /* CHRTS */ = {
			isa = PBXNativeTarget;
			buildConfigurationList = BC6733D22276E80900B5C089 /* Build configuration list for PBXNativeTarget "CHRTS" */;
			buildPhases = (
				3C96844ED49C0C20782D7B89 /* [CP] Check Pods Manifest.lock */,
				BC6733BC2276E80700B5C089 /* Sources */,
				BC6733BD2276E80700B5C089 /* Frameworks */,
				BC6733BE2276E80700B5C089 /* Resources */,
				776AECB1A678505646C9576D /* [CP] Embed Pods Frameworks */,
			);
			buildRules = (
			);
			dependencies = (
			);
			name = CHRTS;
			productName = CHRTS;
			productReference = BC6733C02276E80700B5C089 /* CHRTS.app */;
			productType = "com.apple.product-type.application";
		};
/* End PBXNativeTarget section */

/* Begin PBXProject section */
		BC6733B82276E80700B5C089 /* Project object */ = {
			isa = PBXProject;
			attributes = {
				LastSwiftUpdateCheck = 1020;
				LastUpgradeCheck = 1020;
				ORGANIZATIONNAME = "Иван Романов";
				TargetAttributes = {
					BC6733BF2276E80700B5C089 = {
						CreatedOnToolsVersion = 10.2;
					};
				};
			};
			buildConfigurationList = BC6733BB2276E80700B5C089 /* Build configuration list for PBXProject "CHRTS" */;
			compatibilityVersion = "Xcode 9.3";
			developmentRegion = en;
			hasScannedForEncodings = 0;
			knownRegions = (
				en,
				Base,
			);
			mainGroup = BC6733B72276E80700B5C089;
			productRefGroup = BC6733C12276E80700B5C089 /* Products */;
			projectDirPath = "";
			projectRoot = "";
			targets = (
				BC6733BF2276E80700B5C089 /* CHRTS */,
			);
		};
/* End PBXProject section */

/* Begin PBXResourcesBuildPhase section */
		BC6733BE2276E80700B5C089 /* Resources */ = {
			isa = PBXResourcesBuildPhase;
			buildActionMask = 2147483647;
			files = (
				BC6733CE2276E80900B5C089 /* LaunchScreen.storyboard in Resources */,
				BC6733CB2276E80900B5C089 /* Assets.xcassets in Resources */,
				BC6733C92276E80700B5C089 /* Main.storyboard in Resources */,
			);
			runOnlyForDeploymentPostprocessing = 0;
		};
/* End PBXResourcesBuildPhase section */

/* Begin PBXShellScriptBuildPhase section */
		3C96844ED49C0C20782D7B89 /* [CP] Check Pods Manifest.lock */ = {
			isa = PBXShellScriptBuildPhase;
			buildActionMask = 2147483647;
			files = (
			);
			inputFileListPaths = (
			);
			inputPaths = (
				"${PODS_PODFILE_DIR_PATH}/Podfile.lock",
				"${PODS_ROOT}/Manifest.lock",
			);
			name = "[CP] Check Pods Manifest.lock";
			outputFileListPaths = (
			);
			outputPaths = (
				"$(DERIVED_FILE_DIR)/Pods-CHRTS-checkManifestLockResult.txt",
			);
			runOnlyForDeploymentPostprocessing = 0;
			shellPath = /bin/sh;
			shellScript = "diff \"${PODS_PODFILE_DIR_PATH}/Podfile.lock\" \"${PODS_ROOT}/Manifest.lock\" > /dev/null\nif [ $? != 0 ] ; then\n    # print error to STDERR\n    echo \"error: The sandbox is not in sync with the Podfile.lock. Run 'pod install' or update your CocoaPods installation.\" >&2\n    exit 1\nfi\n# This output is used by Xcode 'outputs' to avoid re-running this script phase.\necho \"SUCCESS\" > \"${SCRIPT_OUTPUT_FILE_0}\"\n";
			showEnvVarsInLog = 0;
		};
		776AECB1A678505646C9576D /* [CP] Embed Pods Frameworks */ = {
			isa = PBXShellScriptBuildPhase;
			buildActionMask = 2147483647;
			files = (
			);
			inputFileListPaths = (
			);
			inputPaths = (
				"${PODS_ROOT}/Target Support Files/Pods-CHRTS/Pods-CHRTS-frameworks.sh",
				"${BUILT_PRODUCTS_DIR}/Charts/Charts.framework",
			);
			name = "[CP] Embed Pods Frameworks";
			outputFileListPaths = (
			);
			outputPaths = (
				"${TARGET_BUILD_DIR}/${FRAMEWORKS_FOLDER_PATH}/Charts.framework",
			);
			runOnlyForDeploymentPostprocessing = 0;
			shellPath = /bin/sh;
			shellScript = "\"${PODS_ROOT}/Target Support Files/Pods-CHRTS/Pods-CHRTS-frameworks.sh\"\n";
			showEnvVarsInLog = 0;
		};
/* End PBXShellScriptBuildPhase section */

/* Begin PBXSourcesBuildPhase section */
		BC6733BC2276E80700B5C089 /* Sources */ = {
			isa = PBXSourcesBuildPhase;
			buildActionMask = 2147483647;
			files = (
				BC6733C62276E80700B5C089 /* ViewController.swift in Sources */,
				BC6733C42276E80700B5C089 /* AppDelegate.swift in Sources */,
			);
			runOnlyForDeploymentPostprocessing = 0;
		};
/* End PBXSourcesBuildPhase section */

/* Begin PBXVariantGroup section */
		BC6733C72276E80700B5C089 /* Main.storyboard */ = {
			isa = PBXVariantGroup;
			children = (
				BC6733C82276E80700B5C089 /* Base */,
			);
			name = Main.storyboard;
			sourceTree = "<group>";
		};
		BC6733CC2276E80900B5C089 /* LaunchScreen.storyboard */ = {
			isa = PBXVariantGroup;
			children = (
				BC6733CD2276E80900B5C089 /* Base */,
			);
			name = LaunchScreen.storyboard;
			sourceTree = "<group>";
		};
/* End PBXVariantGroup section */

/* Begin XCBuildConfiguration section */
		BC6733D02276E80900B5C089 /* Debug */ = {
			isa = XCBuildConfiguration;
			buildSettings = {
				ALWAYS_SEARCH_USER_PATHS = NO;
				CLANG_ANALYZER_NONNULL = YES;
				CLANG_ANALYZER_NUMBER_OBJECT_CONVERSION = YES_AGGRESSIVE;
				CLANG_CXX_LANGUAGE_STANDARD = "gnu++14";
				CLANG_CXX_LIBRARY = "libc++";
				CLANG_ENABLE_MODULES = YES;
				CLANG_ENABLE_OBJC_ARC = YES;
				CLANG_ENABLE_OBJC_WEAK = YES;
				CLANG_WARN_BLOCK_CAPTURE_AUTORELEASING = YES;
				CLANG_WARN_BOOL_CONVERSION = YES;
				CLANG_WARN_COMMA = YES;
				CLANG_WARN_CONSTANT_CONVERSION = YES;
				CLANG_WARN_DEPRECATED_OBJC_IMPLEMENTATIONS = YES;
				CLANG_WARN_DIRECT_OBJC_ISA_USAGE = YES_ERROR;
				CLANG_WARN_DOCUMENTATION_COMMENTS = YES;
				CLANG_WARN_EMPTY_BODY = YES;
				CLANG_WARN_ENUM_CONVERSION = YES;
				CLANG_WARN_INFINITE_RECURSION = YES;
				CLANG_WARN_INT_CONVERSION = YES;
				CLANG_WARN_NON_LITERAL_NULL_CONVERSION = YES;
				CLANG_WARN_OBJC_IMPLICIT_RETAIN_SELF = YES;
				CLANG_WARN_OBJC_LITERAL_CONVERSION = YES;
				CLANG_WARN_OBJC_ROOT_CLASS = YES_ERROR;
				CLANG_WARN_RANGE_LOOP_ANALYSIS = YES;
				CLANG_WARN_STRICT_PROTOTYPES = YES;
				CLANG_WARN_SUSPICIOUS_MOVE = YES;
				CLANG_WARN_UNGUARDED_AVAILABILITY = YES_AGGRESSIVE;
				CLANG_WARN_UNREACHABLE_CODE = YES;
				CLANG_WARN__DUPLICATE_METHOD_MATCH = YES;
				CODE_SIGN_IDENTITY = "iPhone Developer";
				COPY_PHASE_STRIP = NO;
				DEBUG_INFORMATION_FORMAT = dwarf;
				ENABLE_STRICT_OBJC_MSGSEND = YES;
				ENABLE_TESTABILITY = YES;
				GCC_C_LANGUAGE_STANDARD = gnu11;
				GCC_DYNAMIC_NO_PIC = NO;
				GCC_NO_COMMON_BLOCKS = YES;
				GCC_OPTIMIZATION_LEVEL = 0;
				GCC_PREPROCESSOR_DEFINITIONS = (
					"DEBUG=1",
					"$(inherited)",
				);
				GCC_WARN_64_TO_32_BIT_CONVERSION = YES;
				GCC_WARN_ABOUT_RETURN_TYPE = YES_ERROR;
				GCC_WARN_UNDECLARED_SELECTOR = YES;
				GCC_WARN_UNINITIALIZED_AUTOS = YES_AGGRESSIVE;
				GCC_WARN_UNUSED_FUNCTION = YES;
				GCC_WARN_UNUSED_VARIABLE = YES;
				IPHONEOS_DEPLOYMENT_TARGET = 12.2;
				MTL_ENABLE_DEBUG_INFO = INCLUDE_SOURCE;
				MTL_FAST_MATH = YES;
				ONLY_ACTIVE_ARCH = YES;
				SDKROOT = iphoneos;
				SWIFT_ACTIVE_COMPILATION_CONDITIONS = DEBUG;
				SWIFT_OPTIMIZATION_LEVEL = "-Onone";
			};
			name = Debug;
		};
		BC6733D12276E80900B5C089 /* Release */ = {
			isa = XCBuildConfiguration;
			buildSettings = {
				ALWAYS_SEARCH_USER_PATHS = NO;
				CLANG_ANALYZER_NONNULL = YES;
				CLANG_ANALYZER_NUMBER_OBJECT_CONVERSION = YES_AGGRESSIVE;
				CLANG_CXX_LANGUAGE_STANDARD = "gnu++14";
				CLANG_CXX_LIBRARY = "libc++";
				CLANG_ENABLE_MODULES = YES;
				CLANG_ENABLE_OBJC_ARC = YES;
				CLANG_ENABLE_OBJC_WEAK = YES;
				CLANG_WARN_BLOCK_CAPTURE_AUTORELEASING = YES;
				CLANG_WARN_BOOL_CONVERSION = YES;
				CLANG_WARN_COMMA = YES;
				CLANG_WARN_CONSTANT_CONVERSION = YES;
				CLANG_WARN_DEPRECATED_OBJC_IMPLEMENTATIONS = YES;
				CLANG_WARN_DIRECT_OBJC_ISA_USAGE = YES_ERROR;
				CLANG_WARN_DOCUMENTATION_COMMENTS = YES;
				CLANG_WARN_EMPTY_BODY = YES;
				CLANG_WARN_ENUM_CONVERSION = YES;
				CLANG_WARN_INFINITE_RECURSION = YES;
				CLANG_WARN_INT_CONVERSION = YES;
				CLANG_WARN_NON_LITERAL_NULL_CONVERSION = YES;
				CLANG_WARN_OBJC_IMPLICIT_RETAIN_SELF = YES;
				CLANG_WARN_OBJC_LITERAL_CONVERSION = YES;
				CLANG_WARN_OBJC_ROOT_CLASS = YES_ERROR;
				CLANG_WARN_RANGE_LOOP_ANALYSIS = YES;
				CLANG_WARN_STRICT_PROTOTYPES = YES;
				CLANG_WARN_SUSPICIOUS_MOVE = YES;
				CLANG_WARN_UNGUARDED_AVAILABILITY = YES_AGGRESSIVE;
				CLANG_WARN_UNREACHABLE_CODE = YES;
				CLANG_WARN__DUPLICATE_METHOD_MATCH = YES;
				CODE_SIGN_IDENTITY = "iPhone Developer";
				COPY_PHASE_STRIP = NO;
				DEBUG_INFORMATION_FORMAT = "dwarf-with-dsym";
				ENABLE_NS_ASSERTIONS = NO;
				ENABLE_STRICT_OBJC_MSGSEND = YES;
				GCC_C_LANGUAGE_STANDARD = gnu11;
				GCC_NO_COMMON_BLOCKS = YES;
				GCC_WARN_64_TO_32_BIT_CONVERSION = YES;
				GCC_WARN_ABOUT_RETURN_TYPE = YES_ERROR;
				GCC_WARN_UNDECLARED_SELECTOR = YES;
				GCC_WARN_UNINITIALIZED_AUTOS = YES_AGGRESSIVE;
				GCC_WARN_UNUSED_FUNCTION = YES;
				GCC_WARN_UNUSED_VARIABLE = YES;
				IPHONEOS_DEPLOYMENT_TARGET = 12.2;
				MTL_ENABLE_DEBUG_INFO = NO;
				MTL_FAST_MATH = YES;
				SDKROOT = iphoneos;
				SWIFT_COMPILATION_MODE = wholemodule;
				SWIFT_OPTIMIZATION_LEVEL = "-O";
				VALIDATE_PRODUCT = YES;
			};
			name = Release;
		};
		BC6733D32276E80900B5C089 /* Debug */ = {
			isa = XCBuildConfiguration;
			baseConfigurationReference = 55E289F22F3B2686F9F0F7EE /* Pods-CHRTS.debug.xcconfig */;
			buildSettings = {
				ASSETCATALOG_COMPILER_APPICON_NAME = AppIcon;
				CODE_SIGN_STYLE = Automatic;
				INFOPLIST_FILE = CHRTS/Info.plist;
				LD_RUNPATH_SEARCH_PATHS = (
					"$(inherited)",
					"@executable_path/Frameworks",
				);
				PRODUCT_BUNDLE_IDENTIFIER = Kubsu.CHRTS;
				PRODUCT_NAME = "$(TARGET_NAME)";
				SWIFT_VERSION = 5.0;
				TARGETED_DEVICE_FAMILY = "1,2";
			};
			name = Debug;
		};
		BC6733D42276E80900B5C089 /* Release */ = {
			isa = XCBuildConfiguration;
			baseConfigurationReference = 172165640F8FB012C10F8EFE /* Pods-CHRTS.release.xcconfig */;
			buildSettings = {
				ASSETCATALOG_COMPILER_APPICON_NAME = AppIcon;
				CODE_SIGN_STYLE = Automatic;
				INFOPLIST_FILE = CHRTS/Info.plist;
				LD_RUNPATH_SEARCH_PATHS = (
					"$(inherited)",
					"@executable_path/Frameworks",
				);
				PRODUCT_BUNDLE_IDENTIFIER = Kubsu.CHRTS;
				PRODUCT_NAME = "$(TARGET_NAME)";
				SWIFT_VERSION = 5.0;
				TARGETED_DEVICE_FAMILY = "1,2";
			};
			name = Release;
		};
/* End XCBuildConfiguration section */

/* Begin XCConfigurationList section */
		BC6733BB2276E80700B5C089 /* Build configuration list for PBXProject "CHRTS" */ = {
			isa = XCConfigurationList;
			buildConfigurations = (
				BC6733D02276E80900B5C089 /* Debug */,
				BC6733D12276E80900B5C089 /* Release */,
			);
			defaultConfigurationIsVisible = 0;
			defaultConfigurationName = Release;
		};
		BC6733D22276E80900B5C089 /* Build configuration list for PBXNativeTarget "CHRTS" */ = {
			isa = XCConfigurationList;
			buildConfigurations = (
				BC6733D32276E80900B5C089 /* Debug */,
				BC6733D42276E80900B5C089 /* Release */,
			);
			defaultConfigurationIsVisible = 0;
			defaultConfigurationName = Release;
		};
/* End XCConfigurationList section */
	};
	rootObject = BC6733B82276E80700B5C089 /* Project object */;
}
