// !$*UTF8*$!
{
	archiveVersion = 1;
	classes = {
	};
	objectVersion = 50;
	objects = {

/* Begin PBXBuildFile section */
		BC8FBAAB2361CBAE002ABF07 /* AppDelegate.swift in Sources */ = {isa = PBXBuildFile; fileRef = BC8FBAAA2361CBAE002ABF07 /* AppDelegate.swift */; };
		BC8FBAAD2361CBAE002ABF07 /* SceneDelegate.swift in Sources */ = {isa = PBXBuildFile; fileRef = BC8FBAAC2361CBAE002ABF07 /* SceneDelegate.swift */; };
		BC8FBAAF2361CBAE002ABF07 /* ViewController.swift in Sources */ = {isa = PBXBuildFile; fileRef = BC8FBAAE2361CBAE002ABF07 /* ViewController.swift */; };
		BC8FBAB22361CBAE002ABF07 /* Main.storyboard in Resources */ = {isa = PBXBuildFile; fileRef = BC8FBAB02361CBAE002ABF07 /* Main.storyboard */; };
		BC8FBAB42361CBB2002ABF07 /* Assets.xcassets in Resources */ = {isa = PBXBuildFile; fileRef = BC8FBAB32361CBB2002ABF07 /* Assets.xcassets */; };
		BC8FBAB72361CBB2002ABF07 /* LaunchScreen.storyboard in Resources */ = {isa = PBXBuildFile; fileRef = BC8FBAB52361CBB2002ABF07 /* LaunchScreen.storyboard */; };
/* End PBXBuildFile section */

/* Begin PBXFileReference section */
		BC8FBAA72361CBAE002ABF07 /* LoginRequest.app */ = {isa = PBXFileReference; explicitFileType = wrapper.application; includeInIndex = 0; path = LoginRequest.app; sourceTree = BUILT_PRODUCTS_DIR; };
		BC8FBAAA2361CBAE002ABF07 /* AppDelegate.swift */ = {isa = PBXFileReference; lastKnownFileType = sourcecode.swift; path = AppDelegate.swift; sourceTree = "<group>"; };
		BC8FBAAC2361CBAE002ABF07 /* SceneDelegate.swift */ = {isa = PBXFileReference; lastKnownFileType = sourcecode.swift; path = SceneDelegate.swift; sourceTree = "<group>"; };
		BC8FBAAE2361CBAE002ABF07 /* ViewController.swift */ = {isa = PBXFileReference; lastKnownFileType = sourcecode.swift; path = ViewController.swift; sourceTree = "<group>"; };
		BC8FBAB12361CBAE002ABF07 /* Base */ = {isa = PBXFileReference; lastKnownFileType = file.storyboard; name = Base; path = Base.lproj/Main.storyboard; sourceTree = "<group>"; };
		BC8FBAB32361CBB2002ABF07 /* Assets.xcassets */ = {isa = PBXFileReference; lastKnownFileType = folder.assetcatalog; path = Assets.xcassets; sourceTree = "<group>"; };
		BC8FBAB62361CBB2002ABF07 /* Base */ = {isa = PBXFileReference; lastKnownFileType = file.storyboard; name = Base; path = Base.lproj/LaunchScreen.storyboard; sourceTree = "<group>"; };
		BC8FBAB82361CBB2002ABF07 /* Info.plist */ = {isa = PBXFileReference; lastKnownFileType = text.plist.xml; path = Info.plist; sourceTree = "<group>"; };
/* End PBXFileReference section */

/* Begin PBXFrameworksBuildPhase section */
		BC8FBAA42361CBAE002ABF07 /* Frameworks */ = {
			isa = PBXFrameworksBuildPhase;
			buildActionMask = 2147483647;
			files = (
			);
			runOnlyForDeploymentPostprocessing = 0;
		};
/* End PBXFrameworksBuildPhase section */

/* Begin PBXGroup section */
		BC8FBA9E2361CBAE002ABF07 = {
			isa = PBXGroup;
			children = (
				BC8FBAA92361CBAE002ABF07 /* LoginRequest */,
				BC8FBAA82361CBAE002ABF07 /* Products */,
			);
			sourceTree = "<group>";
		};
		BC8FBAA82361CBAE002ABF07 /* Products */ = {
			isa = PBXGroup;
			children = (
				BC8FBAA72361CBAE002ABF07 /* LoginRequest.app */,
			);
			name = Products;
			sourceTree = "<group>";
		};
		BC8FBAA92361CBAE002ABF07 /* LoginRequest */ = {
			isa = PBXGroup;
			children = (
				BC8FBAAA2361CBAE002ABF07 /* AppDelegate.swift */,
				BC8FBAAC2361CBAE002ABF07 /* SceneDelegate.swift */,
				BC8FBAAE2361CBAE002ABF07 /* ViewController.swift */,
				BC8FBAB02361CBAE002ABF07 /* Main.storyboard */,
				BC8FBAB32361CBB2002ABF07 /* Assets.xcassets */,
				BC8FBAB52361CBB2002ABF07 /* LaunchScreen.storyboard */,
				BC8FBAB82361CBB2002ABF07 /* Info.plist */,
			);
			path = LoginRequest;
			sourceTree = "<group>";
		};
/* End PBXGroup section */

/* Begin PBXNativeTarget section */
		BC8FBAA62361CBAE002ABF07 /* LoginRequest */ = {
			isa = PBXNativeTarget;
			buildConfigurationList = BC8FBABB2361CBB2002ABF07 /* Build configuration list for PBXNativeTarget "LoginRequest" */;
			buildPhases = (
				BC8FBAA32361CBAE002ABF07 /* Sources */,
				BC8FBAA42361CBAE002ABF07 /* Frameworks */,
				BC8FBAA52361CBAE002ABF07 /* Resources */,
			);
			buildRules = (
			);
			dependencies = (
			);
			name = LoginRequest;
			productName = LoginRequest;
			productReference = BC8FBAA72361CBAE002ABF07 /* LoginRequest.app */;
			productType = "com.apple.product-type.application";
		};
/* End PBXNativeTarget section */

/* Begin PBXProject section */
		BC8FBA9F2361CBAE002ABF07 /* Project object */ = {
			isa = PBXProject;
			attributes = {
				LastSwiftUpdateCheck = 1110;
				LastUpgradeCheck = 1110;
				ORGANIZATIONNAME = "Иван Романов";
				TargetAttributes = {
					BC8FBAA62361CBAE002ABF07 = {
						CreatedOnToolsVersion = 11.1;
					};
				};
			};
			buildConfigurationList = BC8FBAA22361CBAE002ABF07 /* Build configuration list for PBXProject "LoginRequest" */;
			compatibilityVersion = "Xcode 9.3";
			developmentRegion = en;
			hasScannedForEncodings = 0;
			knownRegions = (
				en,
				Base,
			);
			mainGroup = BC8FBA9E2361CBAE002ABF07;
			productRefGroup = BC8FBAA82361CBAE002ABF07 /* Products */;
			projectDirPath = "";
			projectRoot = "";
			targets = (
				BC8FBAA62361CBAE002ABF07 /* LoginRequest */,
			);
		};
/* End PBXProject section */

/* Begin PBXResourcesBuildPhase section */
		BC8FBAA52361CBAE002ABF07 /* Resources */ = {
			isa = PBXResourcesBuildPhase;
			buildActionMask = 2147483647;
			files = (
				BC8FBAB72361CBB2002ABF07 /* LaunchScreen.storyboard in Resources */,
				BC8FBAB42361CBB2002ABF07 /* Assets.xcassets in Resources */,
				BC8FBAB22361CBAE002ABF07 /* Main.storyboard in Resources */,
			);
			runOnlyForDeploymentPostprocessing = 0;
		};
/* End PBXResourcesBuildPhase section */

/* Begin PBXSourcesBuildPhase section */
		BC8FBAA32361CBAE002ABF07 /* Sources */ = {
			isa = PBXSourcesBuildPhase;
			buildActionMask = 2147483647;
			files = (
				BC8FBAAF2361CBAE002ABF07 /* ViewController.swift in Sources */,
				BC8FBAAB2361CBAE002ABF07 /* AppDelegate.swift in Sources */,
				BC8FBAAD2361CBAE002ABF07 /* SceneDelegate.swift in Sources */,
			);
			runOnlyForDeploymentPostprocessing = 0;
		};
/* End PBXSourcesBuildPhase section */

/* Begin PBXVariantGroup section */
		BC8FBAB02361CBAE002ABF07 /* Main.storyboard */ = {
			isa = PBXVariantGroup;
			children = (
				BC8FBAB12361CBAE002ABF07 /* Base */,
			);
			name = Main.storyboard;
			sourceTree = "<group>";
		};
		BC8FBAB52361CBB2002ABF07 /* LaunchScreen.storyboard */ = {
			isa = PBXVariantGroup;
			children = (
				BC8FBAB62361CBB2002ABF07 /* Base */,
			);
			name = LaunchScreen.storyboard;
			sourceTree = "<group>";
		};
/* End PBXVariantGroup section */

/* Begin XCBuildConfiguration section */
		BC8FBAB92361CBB2002ABF07 /* Debug */ = {
			isa = XCBuildConfiguration;
			buildSettings = {
				ALWAYS_SEARCH_USER_PATHS = NO;
				CLANG_ANALYZER_NONNULL = YES;
				CLANG_ANALYZER_NUMBER_OBJECT_CONVERSION = YES_AGGRESSIVE;
				CLANG_CXX_LANGUAGE_STANDARD = "gnu++14";
				CLANG_CXX_LIBRARY = "libc++";
				CLANG_ENABLE_MODULES = YES;
				CLANG_ENABLE_OBJC_ARC = YES;
				CLANG_ENABLE_OBJC_WEAK = YES;
				CLANG_WARN_BLOCK_CAPTURE_AUTORELEASING = YES;
				CLANG_WARN_BOOL_CONVERSION = YES;
				CLANG_WARN_COMMA = YES;
				CLANG_WARN_CONSTANT_CONVERSION = YES;
				CLANG_WARN_DEPRECATED_OBJC_IMPLEMENTATIONS = YES;
				CLANG_WARN_DIRECT_OBJC_ISA_USAGE = YES_ERROR;
				CLANG_WARN_DOCUMENTATION_COMMENTS = YES;
				CLANG_WARN_EMPTY_BODY = YES;
				CLANG_WARN_ENUM_CONVERSION = YES;
				CLANG_WARN_INFINITE_RECURSION = YES;
				CLANG_WARN_INT_CONVERSION = YES;
				CLANG_WARN_NON_LITERAL_NULL_CONVERSION = YES;
				CLANG_WARN_OBJC_IMPLICIT_RETAIN_SELF = YES;
				CLANG_WARN_OBJC_LITERAL_CONVERSION = YES;
				CLANG_WARN_OBJC_ROOT_CLASS = YES_ERROR;
				CLANG_WARN_RANGE_LOOP_ANALYSIS = YES;
				CLANG_WARN_STRICT_PROTOTYPES = YES;
				CLANG_WARN_SUSPICIOUS_MOVE = YES;
				CLANG_WARN_UNGUARDED_AVAILABILITY = YES_AGGRESSIVE;
				CLANG_WARN_UNREACHABLE_CODE = YES;
				CLANG_WARN__DUPLICATE_METHOD_MATCH = YES;
				COPY_PHASE_STRIP = NO;
				DEBUG_INFORMATION_FORMAT = dwarf;
				ENABLE_STRICT_OBJC_MSGSEND = YES;
				ENABLE_TESTABILITY = YES;
				GCC_C_LANGUAGE_STANDARD = gnu11;
				GCC_DYNAMIC_NO_PIC = NO;
				GCC_NO_COMMON_BLOCKS = YES;
				GCC_OPTIMIZATION_LEVEL = 0;
				GCC_PREPROCESSOR_DEFINITIONS = (
					"DEBUG=1",
					"$(inherited)",
				);
				GCC_WARN_64_TO_32_BIT_CONVERSION = YES;
				GCC_WARN_ABOUT_RETURN_TYPE = YES_ERROR;
				GCC_WARN_UNDECLARED_SELECTOR = YES;
				GCC_WARN_UNINITIALIZED_AUTOS = YES_AGGRESSIVE;
				GCC_WARN_UNUSED_FUNCTION = YES;
				GCC_WARN_UNUSED_VARIABLE = YES;
				IPHONEOS_DEPLOYMENT_TARGET = 13.1;
				MTL_ENABLE_DEBUG_INFO = INCLUDE_SOURCE;
				MTL_FAST_MATH = YES;
				ONLY_ACTIVE_ARCH = YES;
				SDKROOT = iphoneos;
				SWIFT_ACTIVE_COMPILATION_CONDITIONS = DEBUG;
				SWIFT_OPTIMIZATION_LEVEL = "-Onone";
			};
			name = Debug;
		};
		BC8FBABA2361CBB2002ABF07 /* Release */ = {
			isa = XCBuildConfiguration;
			buildSettings = {
				ALWAYS_SEARCH_USER_PATHS = NO;
				CLANG_ANALYZER_NONNULL = YES;
				CLANG_ANALYZER_NUMBER_OBJECT_CONVERSION = YES_AGGRESSIVE;
				CLANG_CXX_LANGUAGE_STANDARD = "gnu++14";
				CLANG_CXX_LIBRARY = "libc++";
				CLANG_ENABLE_MODULES = YES;
				CLANG_ENABLE_OBJC_ARC = YES;
				CLANG_ENABLE_OBJC_WEAK = YES;
				CLANG_WARN_BLOCK_CAPTURE_AUTORELEASING = YES;
				CLANG_WARN_BOOL_CONVERSION = YES;
				CLANG_WARN_COMMA = YES;
				CLANG_WARN_CONSTANT_CONVERSION = YES;
				CLANG_WARN_DEPRECATED_OBJC_IMPLEMENTATIONS = YES;
				CLANG_WARN_DIRECT_OBJC_ISA_USAGE = YES_ERROR;
				CLANG_WARN_DOCUMENTATION_COMMENTS = YES;
				CLANG_WARN_EMPTY_BODY = YES;
				CLANG_WARN_ENUM_CONVERSION = YES;
				CLANG_WARN_INFINITE_RECURSION = YES;
				CLANG_WARN_INT_CONVERSION = YES;
				CLANG_WARN_NON_LITERAL_NULL_CONVERSION = YES;
				CLANG_WARN_OBJC_IMPLICIT_RETAIN_SELF = YES;
				CLANG_WARN_OBJC_LITERAL_CONVERSION = YES;
				CLANG_WARN_OBJC_ROOT_CLASS = YES_ERROR;
				CLANG_WARN_RANGE_LOOP_ANALYSIS = YES;
				CLANG_WARN_STRICT_PROTOTYPES = YES;
				CLANG_WARN_SUSPICIOUS_MOVE = YES;
				CLANG_WARN_UNGUARDED_AVAILABILITY = YES_AGGRESSIVE;
				CLANG_WARN_UNREACHABLE_CODE = YES;
				CLANG_WARN__DUPLICATE_METHOD_MATCH = YES;
				COPY_PHASE_STRIP = NO;
				DEBUG_INFORMATION_FORMAT = "dwarf-with-dsym";
				ENABLE_NS_ASSERTIONS = NO;
				ENABLE_STRICT_OBJC_MSGSEND = YES;
				GCC_C_LANGUAGE_STANDARD = gnu11;
				GCC_NO_COMMON_BLOCKS = YES;
				GCC_WARN_64_TO_32_BIT_CONVERSION = YES;
				GCC_WARN_ABOUT_RETURN_TYPE = YES_ERROR;
				GCC_WARN_UNDECLARED_SELECTOR = YES;
				GCC_WARN_UNINITIALIZED_AUTOS = YES_AGGRESSIVE;
				GCC_WARN_UNUSED_FUNCTION = YES;
				GCC_WARN_UNUSED_VARIABLE = YES;
				IPHONEOS_DEPLOYMENT_TARGET = 13.1;
				MTL_ENABLE_DEBUG_INFO = NO;
				MTL_FAST_MATH = YES;
				SDKROOT = iphoneos;
				SWIFT_COMPILATION_MODE = wholemodule;
				SWIFT_OPTIMIZATION_LEVEL = "-O";
				VALIDATE_PRODUCT = YES;
			};
			name = Release;
		};
		BC8FBABC2361CBB2002ABF07 /* Debug */ = {
			isa = XCBuildConfiguration;
			buildSettings = {
				ASSETCATALOG_COMPILER_APPICON_NAME = AppIcon;
				CODE_SIGN_STYLE = Automatic;
				DEVELOPMENT_TEAM = SCPX4SG3MN;
				INFOPLIST_FILE = LoginRequest/Info.plist;
				LD_RUNPATH_SEARCH_PATHS = (
					"$(inherited)",
					"@executable_path/Frameworks",
				);
				PRODUCT_BUNDLE_IDENTIFIER = Kubsu.LoginRequest;
				PRODUCT_NAME = "$(TARGET_NAME)";
				SWIFT_VERSION = 5.0;
				TARGETED_DEVICE_FAMILY = "1,2";
			};
			name = Debug;
		};
		BC8FBABD2361CBB2002ABF07 /* Release */ = {
			isa = XCBuildConfiguration;
			buildSettings = {
				ASSETCATALOG_COMPILER_APPICON_NAME = AppIcon;
				CODE_SIGN_STYLE = Automatic;
				DEVELOPMENT_TEAM = SCPX4SG3MN;
				INFOPLIST_FILE = LoginRequest/Info.plist;
				LD_RUNPATH_SEARCH_PATHS = (
					"$(inherited)",
					"@executable_path/Frameworks",
				);
				PRODUCT_BUNDLE_IDENTIFIER = Kubsu.LoginRequest;
				PRODUCT_NAME = "$(TARGET_NAME)";
				SWIFT_VERSION = 5.0;
				TARGETED_DEVICE_FAMILY = "1,2";
			};
			name = Release;
		};
/* End XCBuildConfiguration section */

/* Begin XCConfigurationList section */
		BC8FBAA22361CBAE002ABF07 /* Build configuration list for PBXProject "LoginRequest" */ = {
			isa = XCConfigurationList;
			buildConfigurations = (
				BC8FBAB92361CBB2002ABF07 /* Debug */,
				BC8FBABA2361CBB2002ABF07 /* Release */,
			);
			defaultConfigurationIsVisible = 0;
			defaultConfigurationName = Release;
		};
		BC8FBABB2361CBB2002ABF07 /* Build configuration list for PBXNativeTarget "LoginRequest" */ = {
			isa = XCConfigurationList;
			buildConfigurations = (
				BC8FBABC2361CBB2002ABF07 /* Debug */,
				BC8FBABD2361CBB2002ABF07 /* Release */,
			);
			defaultConfigurationIsVisible = 0;
			defaultConfigurationName = Release;
		};
/* End XCConfigurationList section */
	};
	rootObject = BC8FBA9F2361CBAE002ABF07 /* Project object */;
}
